// !$*UTF8*$!
{
	archiveVersion = 1;
	classes = {
	};
	objectVersion = 56;
	objects = {

/* Begin PBXBuildFile section */
		7E28F2082CD9D58600DD7A2D /* DataTransferServiceTest.swift in Sources */ = {isa = PBXBuildFile; fileRef = 7E28F2072CD9D58600DD7A2D /* DataTransferServiceTest.swift */; };
		7E28F20B2CD9D7F600DD7A2D /* GuessWhoUseCaseTests.swift in Sources */ = {isa = PBXBuildFile; fileRef = 7E28F20A2CD9D7F600DD7A2D /* GuessWhoUseCaseTests.swift */; };
		7E2C16972CAA1DA200A96250 /* AppConfiguration.swift in Sources */ = {isa = PBXBuildFile; fileRef = 7E2C16962CAA1DA200A96250 /* AppConfiguration.swift */; };
		7E2C16992CAA1E5F00A96250 /* AppFlowCoordinator.swift in Sources */ = {isa = PBXBuildFile; fileRef = 7E2C16982CAA1E5F00A96250 /* AppFlowCoordinator.swift */; };
		7E2C169C2CAA1EF500A96250 /* AppDIContainer.swift in Sources */ = {isa = PBXBuildFile; fileRef = 7E2C169B2CAA1EF500A96250 /* AppDIContainer.swift */; };
		7E2C169E2CAA273E00A96250 /* GameSceneDIContainer.swift in Sources */ = {isa = PBXBuildFile; fileRef = 7E2C169D2CAA273E00A96250 /* GameSceneDIContainer.swift */; };
		7E2C16A02CAA2AA300A96250 /* GameFlowCoordinator.swift in Sources */ = {isa = PBXBuildFile; fileRef = 7E2C169F2CAA2AA300A96250 /* GameFlowCoordinator.swift */; };
		7E2C8D742CF69F0B0093C4BD /* GameModelImageRepository.swift in Sources */ = {isa = PBXBuildFile; fileRef = 7E2C8D732CF69F0B0093C4BD /* GameModelImageRepository.swift */; };
		7E2C8D762CF6A2000093C4BD /* DefaultGameModelImageRepository.swift in Sources */ = {isa = PBXBuildFile; fileRef = 7E2C8D752CF6A2000093C4BD /* DefaultGameModelImageRepository.swift */; };
		7E2D62F92CAF6042001619F0 /* ResultController.swift in Sources */ = {isa = PBXBuildFile; fileRef = 7E2D62F82CAF6042001619F0 /* ResultController.swift */; };
		7E2D62FD2CAF6408001619F0 /* UILabel + UpdateLabelFontSize.swift in Sources */ = {isa = PBXBuildFile; fileRef = 7E2D62FC2CAF6408001619F0 /* UILabel + UpdateLabelFontSize.swift */; };
		7E2D63032CAF748D001619F0 /* PreGameController.swift in Sources */ = {isa = PBXBuildFile; fileRef = 7E2D63022CAF748D001619F0 /* PreGameController.swift */; };
		7E2D630B2CAFAEF7001619F0 /* HowToPlayView.swift in Sources */ = {isa = PBXBuildFile; fileRef = 7E2D630A2CAFAEF7001619F0 /* HowToPlayView.swift */; };
		7E2D630D2CAFAFD2001619F0 /* GuessWhoController.swift in Sources */ = {isa = PBXBuildFile; fileRef = 7E2D630C2CAFAFD2001619F0 /* GuessWhoController.swift */; };
		7E2D630F2CAFB013001619F0 /* GuessWhoView.swift in Sources */ = {isa = PBXBuildFile; fileRef = 7E2D630E2CAFB013001619F0 /* GuessWhoView.swift */; };
		7E35686C2CBF349100EC55DA /* AudioEngineBuilderService.swift in Sources */ = {isa = PBXBuildFile; fileRef = 7E35686B2CBF349100EC55DA /* AudioEngineBuilderService.swift */; };
		7E3B5ED52CBC98950010FA0F /* GuessWhoHTPV.swift in Sources */ = {isa = PBXBuildFile; fileRef = 7E3B5ED42CBC98950010FA0F /* GuessWhoHTPV.swift */; };
		7E3CBC732CB75DBD00E2AD1D /* AuthCheckable.swift in Sources */ = {isa = PBXBuildFile; fileRef = 7E3CBC722CB75DBD00E2AD1D /* AuthCheckable.swift */; };
		7E3D954E2C9B9A37006144F2 /* GuessWhoGameUseCase.swift in Sources */ = {isa = PBXBuildFile; fileRef = 7E3D954D2C9B9A37006144F2 /* GuessWhoGameUseCase.swift */; };
		7E40AF9F2CB3523500317604 /* GameNavigationController.swift in Sources */ = {isa = PBXBuildFile; fileRef = 7E40AF9E2CB3523500317604 /* GameNavigationController.swift */; };
		7E40AFA42CB35AF700317604 /* GameSelectionViewModel.swift in Sources */ = {isa = PBXBuildFile; fileRef = 7E40AFA32CB35AF700317604 /* GameSelectionViewModel.swift */; };
		7E40AFA72CB35E1A00317604 /* GameSelectionUseCase.swift in Sources */ = {isa = PBXBuildFile; fileRef = 7E40AFA62CB35E1A00317604 /* GameSelectionUseCase.swift */; };
		7E41A1C22C8E6C55006060A3 /* NetworkConfigurableMock.swift in Sources */ = {isa = PBXBuildFile; fileRef = 7E41A1C12C8E6C55006060A3 /* NetworkConfigurableMock.swift */; };
		7E41A1C42C8E6F90006060A3 /* NetworkSessionManagerMock.swift in Sources */ = {isa = PBXBuildFile; fileRef = 7E41A1C32C8E6F90006060A3 /* NetworkSessionManagerMock.swift */; };
		7E41A1C62C8E7074006060A3 /* NetworkServiceTest.swift in Sources */ = {isa = PBXBuildFile; fileRef = 7E41A1C52C8E7074006060A3 /* NetworkServiceTest.swift */; };
		7E42F7592C8AB1B600C760C9 /* FetchGameModelUseCase.swift in Sources */ = {isa = PBXBuildFile; fileRef = 7E42F7582C8AB1B600C760C9 /* FetchGameModelUseCase.swift */; };
		7E445B0C2CF5430C00A26731 /* AsyncNetworkRequest in Frameworks */ = {isa = PBXBuildFile; productRef = 7E445B0B2CF5430C00A26731 /* AsyncNetworkRequest */; };
		7E445B0E2CF5625C00A26731 /* AsyncDataTransferService.swift in Sources */ = {isa = PBXBuildFile; fileRef = 7E445B0D2CF5625C00A26731 /* AsyncDataTransferService.swift */; };
		7E51415B2D02955500E7D03D /* UIVC + SwiftUI_Preview.swift in Sources */ = {isa = PBXBuildFile; fileRef = 7E51415A2D02955500E7D03D /* UIVC + SwiftUI_Preview.swift */; };
		7E5633432CF00B9400D13013 /* CommonNetworkModel in Frameworks */ = {isa = PBXBuildFile; productRef = 7E5633422CF00B9400D13013 /* CommonNetworkModel */; };
		7E5633482CF0208700D13013 /* ResultVCViewController.m in Sources */ = {isa = PBXBuildFile; fileRef = 7E5633462CF0208700D13013 /* ResultVCViewController.m */; };
		7E5633492CF0208700D13013 /* ResultVCViewController.xib in Resources */ = {isa = PBXBuildFile; fileRef = 7E5633472CF0208700D13013 /* ResultVCViewController.xib */; };
		7E56334E2CF0255700D13013 /* ResultViewModel.m in Sources */ = {isa = PBXBuildFile; fileRef = 7E56334D2CF0255700D13013 /* ResultViewModel.m */; };
		7E60BD312C76B3CE0070BA0A /* DataTransferService.swift in Sources */ = {isa = PBXBuildFile; fileRef = 7E60BD302C76B3CE0070BA0A /* DataTransferService.swift */; };
		7E75F8AB2C925EDC009E8BC5 /* GameTimerUseCase.swift in Sources */ = {isa = PBXBuildFile; fileRef = 7E75F8AA2C925EDC009E8BC5 /* GameTimerUseCase.swift */; };
		7E75F8AD2C9262B0009E8BC5 /* GameJudgeable.swift in Sources */ = {isa = PBXBuildFile; fileRef = 7E75F8AC2C9262B0009E8BC5 /* GameJudgeable.swift */; };
		7E7B165D2C7D42D300632CBB /* Observable.swift in Sources */ = {isa = PBXBuildFile; fileRef = 7E7B165C2C7D42D300632CBB /* Observable.swift */; };
		7E7B165F2C7D455C00632CBB /* LoadingView.swift in Sources */ = {isa = PBXBuildFile; fileRef = 7E7B165E2C7D455C00632CBB /* LoadingView.swift */; };
		7E7B16622C7D4BC000632CBB /* Alertable.swift in Sources */ = {isa = PBXBuildFile; fileRef = 7E7B16612C7D4BC000632CBB /* Alertable.swift */; };
		7E7B16642C7D4C4200632CBB /* ExtensionBase.swift in Sources */ = {isa = PBXBuildFile; fileRef = 7E7B16632C7D4C4200632CBB /* ExtensionBase.swift */; };
		7E7B16672C7D4E5C00632CBB /* UIVC + AddBehaviors.swift in Sources */ = {isa = PBXBuildFile; fileRef = 7E7B16662C7D4E5C00632CBB /* UIVC + AddBehaviors.swift */; };
		7E7B9DC22CEC20D2000C68C5 /* BackBtnEmptyBehavior.swift in Sources */ = {isa = PBXBuildFile; fileRef = 7E7B9DC12CEC20D2000C68C5 /* BackBtnEmptyBehavior.swift */; };
		7E7B9DC42CEC20F2000C68C5 /* GameEndBtnBehavior.swift in Sources */ = {isa = PBXBuildFile; fileRef = 7E7B9DC32CEC20F2000C68C5 /* GameEndBtnBehavior.swift */; };
		7E83FBBE2C755B6100DF4DD7 /* AppDelegate.swift in Sources */ = {isa = PBXBuildFile; fileRef = 7E83FBBD2C755B6100DF4DD7 /* AppDelegate.swift */; };
		7E83FBC02C755B6100DF4DD7 /* SceneDelegate.swift in Sources */ = {isa = PBXBuildFile; fileRef = 7E83FBBF2C755B6100DF4DD7 /* SceneDelegate.swift */; };
		7E83FBC22C755B6100DF4DD7 /* ViewController.swift in Sources */ = {isa = PBXBuildFile; fileRef = 7E83FBC12C755B6100DF4DD7 /* ViewController.swift */; };
		7E83FBC52C755B6100DF4DD7 /* Main.storyboard in Resources */ = {isa = PBXBuildFile; fileRef = 7E83FBC32C755B6100DF4DD7 /* Main.storyboard */; };
		7E83FBC72C755B6300DF4DD7 /* Assets.xcassets in Resources */ = {isa = PBXBuildFile; fileRef = 7E83FBC62C755B6300DF4DD7 /* Assets.xcassets */; };
		7E83FBDA2C759A1D00DF4DD7 /* NetworkService.swift in Sources */ = {isa = PBXBuildFile; fileRef = 7E83FBD92C759A1D00DF4DD7 /* NetworkService.swift */; };
		7E85224F2CBDDF6F00481710 /* AudioRepository.swift in Sources */ = {isa = PBXBuildFile; fileRef = 7E85224E2CBDDF6F00481710 /* AudioRepository.swift */; };
		7E8522522CBDEB7A00481710 /* DefaultAudioRepository.swift in Sources */ = {isa = PBXBuildFile; fileRef = 7E8522512CBDEB7A00481710 /* DefaultAudioRepository.swift */; };
		7E8522542CBDF7A200481710 /* AudioTask.swift in Sources */ = {isa = PBXBuildFile; fileRef = 7E8522532CBDF7A200481710 /* AudioTask.swift */; };
		7E8DB8D92C7BF85000D9B9F0 /* TimerRepository.swift in Sources */ = {isa = PBXBuildFile; fileRef = 7E8DB8D82C7BF85000D9B9F0 /* TimerRepository.swift */; };
		C178BA752CB2737C0081CB10 /* PreGameView.swift in Sources */ = {isa = PBXBuildFile; fileRef = C178BA742CB2737C0081CB10 /* PreGameView.swift */; };
		C178BA772CB2743D0081CB10 /* UILabel + UIButton.swift in Sources */ = {isa = PBXBuildFile; fileRef = C178BA762CB2743D0081CB10 /* UILabel + UIButton.swift */; };
		C178BA792CB7FEC30081CB10 /* ErrorHandler.swift in Sources */ = {isa = PBXBuildFile; fileRef = C178BA782CB7FEC30081CB10 /* ErrorHandler.swift */; };
		C1C692DD2C7A08B500EF0C45 /* GamesRepository.swift in Sources */ = {isa = PBXBuildFile; fileRef = C1C692DC2C7A08B500EF0C45 /* GamesRepository.swift */; };
		C1C692E02C7A0A0B00EF0C45 /* GameModelList.swift in Sources */ = {isa = PBXBuildFile; fileRef = C1C692DF2C7A0A0B00EF0C45 /* GameModelList.swift */; };
		C1C692E52C7A0FF000EF0C45 /* Cancellable.swift in Sources */ = {isa = PBXBuildFile; fileRef = C1C692E42C7A0FF000EF0C45 /* Cancellable.swift */; };
		C1DFB2A22C7DEBB000011058 /* STTRepository.swift in Sources */ = {isa = PBXBuildFile; fileRef = C1DFB2A12C7DEBB000011058 /* STTRepository.swift */; };
		C1DFB2A42C7DED1200011058 /* SttModel.swift in Sources */ = {isa = PBXBuildFile; fileRef = C1DFB2A32C7DED1200011058 /* SttModel.swift */; };
		C1DFB2B52C80AC5500011058 /* TimerConfiguration.swift in Sources */ = {isa = PBXBuildFile; fileRef = C1DFB2B42C80AC5500011058 /* TimerConfiguration.swift */; };
		C1DFB2B72C80ACB200011058 /* TimerSerivice.swift in Sources */ = {isa = PBXBuildFile; fileRef = C1DFB2B62C80ACB200011058 /* TimerSerivice.swift */; };
		C1DFB2C02C84239200011058 /* SpeechService.swift in Sources */ = {isa = PBXBuildFile; fileRef = C1DFB2BF2C84239200011058 /* SpeechService.swift */; };
		C1DFB2C22C85DCE300011058 /* GameTimeInfo.swift in Sources */ = {isa = PBXBuildFile; fileRef = C1DFB2C12C85DCE300011058 /* GameTimeInfo.swift */; };
		C1DFB2C72C85E3F300011058 /* RepositoryTask.swift in Sources */ = {isa = PBXBuildFile; fileRef = C1DFB2C62C85E3F300011058 /* RepositoryTask.swift */; };
		C1DFB2CA2C85E58300011058 /* APIEndpoints.swift in Sources */ = {isa = PBXBuildFile; fileRef = C1DFB2C92C85E58300011058 /* APIEndpoints.swift */; };
		C1DFB2D02C87478600011058 /* GameType.swift in Sources */ = {isa = PBXBuildFile; fileRef = C1DFB2CF2C87478600011058 /* GameType.swift */; };
		C1DFB2D82C8C138400011058 /* DefaultGamesRepository.swift in Sources */ = {isa = PBXBuildFile; fileRef = C1DFB2D72C8C138400011058 /* DefaultGamesRepository.swift */; };
		C1DFB2E12C91D1B800011058 /* GameJudge.swift in Sources */ = {isa = PBXBuildFile; fileRef = C1DFB2E02C91D1B800011058 /* GameJudge.swift */; };
		C1DFB2E32C91D70200011058 /* DefaultTimerRepository.swift in Sources */ = {isa = PBXBuildFile; fileRef = C1DFB2E22C91D70200011058 /* DefaultTimerRepository.swift */; };
		C1DFB2E72C966E9600011058 /* STTUseCase.swift in Sources */ = {isa = PBXBuildFile; fileRef = C1DFB2E62C966E9600011058 /* STTUseCase.swift */; };
		C1DFB2E92C96734600011058 /* DefaultSTTRepository.swift in Sources */ = {isa = PBXBuildFile; fileRef = C1DFB2E82C96734600011058 /* DefaultSTTRepository.swift */; };
		C1DFB2EF2C96738E00011058 /* GameRequestDTO.swift in Sources */ = {isa = PBXBuildFile; fileRef = C1DFB2EC2C96738E00011058 /* GameRequestDTO.swift */; };
		C1DFB2F02C96738E00011058 /* GameResponseDTO.swift in Sources */ = {isa = PBXBuildFile; fileRef = C1DFB2ED2C96738E00011058 /* GameResponseDTO.swift */; };
		C1DFB2F22C997D1200011058 /* SttTask.swift in Sources */ = {isa = PBXBuildFile; fileRef = C1DFB2F12C997D1200011058 /* SttTask.swift */; };
		C1EA0BD82C9DCF9500CA5CA4 /* TimerTask.swift in Sources */ = {isa = PBXBuildFile; fileRef = C1EA0BD72C9DCF9500CA5CA4 /* TimerTask.swift */; };
		C1EA0BEC2CA43C7400CA5CA4 /* GuessWhoViewModel.swift in Sources */ = {isa = PBXBuildFile; fileRef = C1EA0BEB2CA43C7400CA5CA4 /* GuessWhoViewModel.swift */; };
		C1EA0BED2CA43C7400CA5CA4 /* GuessWhoTargetViewModel.swift in Sources */ = {isa = PBXBuildFile; fileRef = C1EA0BEA2CA43C7400CA5CA4 /* GuessWhoTargetViewModel.swift */; };
/* End PBXBuildFile section */

/* Begin PBXContainerItemProxy section */
		C1DFB2AD2C7E105E00011058 /* PBXContainerItemProxy */ = {
			isa = PBXContainerItemProxy;
			containerPortal = 7E83FBB22C755B6100DF4DD7 /* Project object */;
			proxyType = 1;
			remoteGlobalIDString = 7E83FBB92C755B6100DF4DD7;
			remoteInfo = ExperimentalAgaree;
		};
/* End PBXContainerItemProxy section */

/* Begin PBXFileReference section */
		7E28F2072CD9D58600DD7A2D /* DataTransferServiceTest.swift */ = {isa = PBXFileReference; lastKnownFileType = sourcecode.swift; path = DataTransferServiceTest.swift; sourceTree = "<group>"; };
		7E28F20A2CD9D7F600DD7A2D /* GuessWhoUseCaseTests.swift */ = {isa = PBXFileReference; lastKnownFileType = sourcecode.swift; path = GuessWhoUseCaseTests.swift; sourceTree = "<group>"; };
		7E2C16962CAA1DA200A96250 /* AppConfiguration.swift */ = {isa = PBXFileReference; lastKnownFileType = sourcecode.swift; path = AppConfiguration.swift; sourceTree = "<group>"; };
		7E2C16982CAA1E5F00A96250 /* AppFlowCoordinator.swift */ = {isa = PBXFileReference; lastKnownFileType = sourcecode.swift; path = AppFlowCoordinator.swift; sourceTree = "<group>"; };
		7E2C169B2CAA1EF500A96250 /* AppDIContainer.swift */ = {isa = PBXFileReference; lastKnownFileType = sourcecode.swift; path = AppDIContainer.swift; sourceTree = "<group>"; };
		7E2C169D2CAA273E00A96250 /* GameSceneDIContainer.swift */ = {isa = PBXFileReference; lastKnownFileType = sourcecode.swift; path = GameSceneDIContainer.swift; sourceTree = "<group>"; };
		7E2C169F2CAA2AA300A96250 /* GameFlowCoordinator.swift */ = {isa = PBXFileReference; lastKnownFileType = sourcecode.swift; path = GameFlowCoordinator.swift; sourceTree = "<group>"; };
		7E2C8D732CF69F0B0093C4BD /* GameModelImageRepository.swift */ = {isa = PBXFileReference; lastKnownFileType = sourcecode.swift; path = GameModelImageRepository.swift; sourceTree = "<group>"; };
		7E2C8D752CF6A2000093C4BD /* DefaultGameModelImageRepository.swift */ = {isa = PBXFileReference; lastKnownFileType = sourcecode.swift; path = DefaultGameModelImageRepository.swift; sourceTree = "<group>"; };
		7E2D62F82CAF6042001619F0 /* ResultController.swift */ = {isa = PBXFileReference; lastKnownFileType = sourcecode.swift; path = ResultController.swift; sourceTree = "<group>"; };
		7E2D62FC2CAF6408001619F0 /* UILabel + UpdateLabelFontSize.swift */ = {isa = PBXFileReference; lastKnownFileType = sourcecode.swift; path = "UILabel + UpdateLabelFontSize.swift"; sourceTree = "<group>"; };
		7E2D63022CAF748D001619F0 /* PreGameController.swift */ = {isa = PBXFileReference; lastKnownFileType = sourcecode.swift; path = PreGameController.swift; sourceTree = "<group>"; };
		7E2D630A2CAFAEF7001619F0 /* HowToPlayView.swift */ = {isa = PBXFileReference; lastKnownFileType = sourcecode.swift; path = HowToPlayView.swift; sourceTree = "<group>"; };
		7E2D630C2CAFAFD2001619F0 /* GuessWhoController.swift */ = {isa = PBXFileReference; lastKnownFileType = sourcecode.swift; path = GuessWhoController.swift; sourceTree = "<group>"; };
		7E2D630E2CAFB013001619F0 /* GuessWhoView.swift */ = {isa = PBXFileReference; lastKnownFileType = sourcecode.swift; path = GuessWhoView.swift; sourceTree = "<group>"; };
		7E35686B2CBF349100EC55DA /* AudioEngineBuilderService.swift */ = {isa = PBXFileReference; lastKnownFileType = sourcecode.swift; path = AudioEngineBuilderService.swift; sourceTree = "<group>"; };
		7E3B5ED42CBC98950010FA0F /* GuessWhoHTPV.swift */ = {isa = PBXFileReference; lastKnownFileType = sourcecode.swift; path = GuessWhoHTPV.swift; sourceTree = "<group>"; };
		7E3CBC722CB75DBD00E2AD1D /* AuthCheckable.swift */ = {isa = PBXFileReference; lastKnownFileType = sourcecode.swift; path = AuthCheckable.swift; sourceTree = "<group>"; };
		7E3D954D2C9B9A37006144F2 /* GuessWhoGameUseCase.swift */ = {isa = PBXFileReference; lastKnownFileType = sourcecode.swift; path = GuessWhoGameUseCase.swift; sourceTree = "<group>"; };
		7E40AF9E2CB3523500317604 /* GameNavigationController.swift */ = {isa = PBXFileReference; lastKnownFileType = sourcecode.swift; path = GameNavigationController.swift; sourceTree = "<group>"; };
		7E40AFA32CB35AF700317604 /* GameSelectionViewModel.swift */ = {isa = PBXFileReference; lastKnownFileType = sourcecode.swift; path = GameSelectionViewModel.swift; sourceTree = "<group>"; };
		7E40AFA62CB35E1A00317604 /* GameSelectionUseCase.swift */ = {isa = PBXFileReference; lastKnownFileType = sourcecode.swift; path = GameSelectionUseCase.swift; sourceTree = "<group>"; };
		7E41A1C12C8E6C55006060A3 /* NetworkConfigurableMock.swift */ = {isa = PBXFileReference; lastKnownFileType = sourcecode.swift; path = NetworkConfigurableMock.swift; sourceTree = "<group>"; };
		7E41A1C32C8E6F90006060A3 /* NetworkSessionManagerMock.swift */ = {isa = PBXFileReference; lastKnownFileType = sourcecode.swift; path = NetworkSessionManagerMock.swift; sourceTree = "<group>"; };
		7E41A1C52C8E7074006060A3 /* NetworkServiceTest.swift */ = {isa = PBXFileReference; lastKnownFileType = sourcecode.swift; path = NetworkServiceTest.swift; sourceTree = "<group>"; };
		7E42F7582C8AB1B600C760C9 /* FetchGameModelUseCase.swift */ = {isa = PBXFileReference; lastKnownFileType = sourcecode.swift; path = FetchGameModelUseCase.swift; sourceTree = "<group>"; };
		7E445B0D2CF5625C00A26731 /* AsyncDataTransferService.swift */ = {isa = PBXFileReference; lastKnownFileType = sourcecode.swift; path = AsyncDataTransferService.swift; sourceTree = "<group>"; };
		7E51415A2D02955500E7D03D /* UIVC + SwiftUI_Preview.swift */ = {isa = PBXFileReference; lastKnownFileType = sourcecode.swift; path = "UIVC + SwiftUI_Preview.swift"; sourceTree = "<group>"; };
		7E5633412CF00B7B00D13013 /* CommonNetworkModel */ = {isa = PBXFileReference; lastKnownFileType = wrapper; name = CommonNetworkModel; path = ../OuterFrameWork/CommonNetworkModel; sourceTree = "<group>"; };
		7E5633442CF0208700D13013 /* ExperimentalAgaree-Bridging-Header.h */ = {isa = PBXFileReference; lastKnownFileType = sourcecode.c.h; path = "ExperimentalAgaree-Bridging-Header.h"; sourceTree = "<group>"; };
		7E5633452CF0208700D13013 /* ResultVCViewController.h */ = {isa = PBXFileReference; lastKnownFileType = sourcecode.c.h; path = ResultVCViewController.h; sourceTree = "<group>"; };
		7E5633462CF0208700D13013 /* ResultVCViewController.m */ = {isa = PBXFileReference; lastKnownFileType = sourcecode.c.objc; path = ResultVCViewController.m; sourceTree = "<group>"; };
		7E5633472CF0208700D13013 /* ResultVCViewController.xib */ = {isa = PBXFileReference; lastKnownFileType = file.xib; path = ResultVCViewController.xib; sourceTree = "<group>"; };
		7E56334D2CF0255700D13013 /* ResultViewModel.m */ = {isa = PBXFileReference; lastKnownFileType = sourcecode.c.objc; path = ResultViewModel.m; sourceTree = "<group>"; };
		7E56334F2CF0256700D13013 /* ResultViewModel.h */ = {isa = PBXFileReference; lastKnownFileType = sourcecode.c.h; path = ResultViewModel.h; sourceTree = "<group>"; };
		7E60BD302C76B3CE0070BA0A /* DataTransferService.swift */ = {isa = PBXFileReference; lastKnownFileType = sourcecode.swift; path = DataTransferService.swift; sourceTree = "<group>"; };
		7E69C8202CEF0A7600C55064 /* AsyncNetworkRequest */ = {isa = PBXFileReference; lastKnownFileType = wrapper; name = AsyncNetworkRequest; path = ../OuterFrameWork/AsyncNetworkRequest; sourceTree = "<group>"; };
		7E75F8AA2C925EDC009E8BC5 /* GameTimerUseCase.swift */ = {isa = PBXFileReference; lastKnownFileType = sourcecode.swift; path = GameTimerUseCase.swift; sourceTree = "<group>"; };
		7E75F8AC2C9262B0009E8BC5 /* GameJudgeable.swift */ = {isa = PBXFileReference; lastKnownFileType = sourcecode.swift; path = GameJudgeable.swift; sourceTree = "<group>"; };
		7E7B165C2C7D42D300632CBB /* Observable.swift */ = {isa = PBXFileReference; lastKnownFileType = sourcecode.swift; path = Observable.swift; sourceTree = "<group>"; };
		7E7B165E2C7D455C00632CBB /* LoadingView.swift */ = {isa = PBXFileReference; lastKnownFileType = sourcecode.swift; path = LoadingView.swift; sourceTree = "<group>"; };
		7E7B16612C7D4BC000632CBB /* Alertable.swift */ = {isa = PBXFileReference; lastKnownFileType = sourcecode.swift; path = Alertable.swift; sourceTree = "<group>"; };
		7E7B16632C7D4C4200632CBB /* ExtensionBase.swift */ = {isa = PBXFileReference; lastKnownFileType = sourcecode.swift; path = ExtensionBase.swift; sourceTree = "<group>"; };
		7E7B16662C7D4E5C00632CBB /* UIVC + AddBehaviors.swift */ = {isa = PBXFileReference; lastKnownFileType = sourcecode.swift; path = "UIVC + AddBehaviors.swift"; sourceTree = "<group>"; };
		7E7B9DC12CEC20D2000C68C5 /* BackBtnEmptyBehavior.swift */ = {isa = PBXFileReference; lastKnownFileType = sourcecode.swift; path = BackBtnEmptyBehavior.swift; sourceTree = "<group>"; };
		7E7B9DC32CEC20F2000C68C5 /* GameEndBtnBehavior.swift */ = {isa = PBXFileReference; lastKnownFileType = sourcecode.swift; path = GameEndBtnBehavior.swift; sourceTree = "<group>"; };
		7E8084CF2CD3025C00018238 /* README.md */ = {isa = PBXFileReference; lastKnownFileType = net.daringfireball.markdown; path = README.md; sourceTree = "<group>"; };
		7E83FBBA2C755B6100DF4DD7 /* ExperimentalAgaree.app */ = {isa = PBXFileReference; explicitFileType = wrapper.application; includeInIndex = 0; path = ExperimentalAgaree.app; sourceTree = BUILT_PRODUCTS_DIR; };
		7E83FBBD2C755B6100DF4DD7 /* AppDelegate.swift */ = {isa = PBXFileReference; lastKnownFileType = sourcecode.swift; path = AppDelegate.swift; sourceTree = "<group>"; };
		7E83FBBF2C755B6100DF4DD7 /* SceneDelegate.swift */ = {isa = PBXFileReference; lastKnownFileType = sourcecode.swift; path = SceneDelegate.swift; sourceTree = "<group>"; };
		7E83FBC12C755B6100DF4DD7 /* ViewController.swift */ = {isa = PBXFileReference; lastKnownFileType = sourcecode.swift; path = ViewController.swift; sourceTree = "<group>"; };
		7E83FBC42C755B6100DF4DD7 /* Base */ = {isa = PBXFileReference; lastKnownFileType = file.storyboard; name = Base; path = Base.lproj/Main.storyboard; sourceTree = "<group>"; };
		7E83FBC62C755B6300DF4DD7 /* Assets.xcassets */ = {isa = PBXFileReference; lastKnownFileType = folder.assetcatalog; path = Assets.xcassets; sourceTree = "<group>"; };
		7E83FBCB2C755B6300DF4DD7 /* Info.plist */ = {isa = PBXFileReference; lastKnownFileType = text.plist.xml; path = Info.plist; sourceTree = "<group>"; };
		7E83FBD92C759A1D00DF4DD7 /* NetworkService.swift */ = {isa = PBXFileReference; lastKnownFileType = sourcecode.swift; path = NetworkService.swift; sourceTree = "<group>"; };
		7E85224E2CBDDF6F00481710 /* AudioRepository.swift */ = {isa = PBXFileReference; lastKnownFileType = sourcecode.swift; path = AudioRepository.swift; sourceTree = "<group>"; };
		7E8522512CBDEB7A00481710 /* DefaultAudioRepository.swift */ = {isa = PBXFileReference; lastKnownFileType = sourcecode.swift; path = DefaultAudioRepository.swift; sourceTree = "<group>"; };
		7E8522532CBDF7A200481710 /* AudioTask.swift */ = {isa = PBXFileReference; lastKnownFileType = sourcecode.swift; path = AudioTask.swift; sourceTree = "<group>"; };
		7E8DB8D82C7BF85000D9B9F0 /* TimerRepository.swift */ = {isa = PBXFileReference; lastKnownFileType = sourcecode.swift; path = TimerRepository.swift; sourceTree = "<group>"; };
		C178BA742CB2737C0081CB10 /* PreGameView.swift */ = {isa = PBXFileReference; lastKnownFileType = sourcecode.swift; path = PreGameView.swift; sourceTree = "<group>"; };
		C178BA762CB2743D0081CB10 /* UILabel + UIButton.swift */ = {isa = PBXFileReference; lastKnownFileType = sourcecode.swift; path = "UILabel + UIButton.swift"; sourceTree = "<group>"; };
		C178BA782CB7FEC30081CB10 /* ErrorHandler.swift */ = {isa = PBXFileReference; lastKnownFileType = sourcecode.swift; path = ErrorHandler.swift; sourceTree = "<group>"; };
		C1C692DC2C7A08B500EF0C45 /* GamesRepository.swift */ = {isa = PBXFileReference; lastKnownFileType = sourcecode.swift; path = GamesRepository.swift; sourceTree = "<group>"; };
		C1C692DF2C7A0A0B00EF0C45 /* GameModelList.swift */ = {isa = PBXFileReference; lastKnownFileType = sourcecode.swift; path = GameModelList.swift; sourceTree = "<group>"; };
		C1C692E42C7A0FF000EF0C45 /* Cancellable.swift */ = {isa = PBXFileReference; lastKnownFileType = sourcecode.swift; path = Cancellable.swift; sourceTree = "<group>"; };
		C1DFB2A12C7DEBB000011058 /* STTRepository.swift */ = {isa = PBXFileReference; lastKnownFileType = sourcecode.swift; path = STTRepository.swift; sourceTree = "<group>"; };
		C1DFB2A32C7DED1200011058 /* SttModel.swift */ = {isa = PBXFileReference; lastKnownFileType = sourcecode.swift; path = SttModel.swift; sourceTree = "<group>"; };
		C1DFB2A92C7E105E00011058 /* ExperimentalAgareeTests.xctest */ = {isa = PBXFileReference; explicitFileType = wrapper.cfbundle; includeInIndex = 0; path = ExperimentalAgareeTests.xctest; sourceTree = BUILT_PRODUCTS_DIR; };
		C1DFB2B42C80AC5500011058 /* TimerConfiguration.swift */ = {isa = PBXFileReference; lastKnownFileType = sourcecode.swift; path = TimerConfiguration.swift; sourceTree = "<group>"; };
		C1DFB2B62C80ACB200011058 /* TimerSerivice.swift */ = {isa = PBXFileReference; lastKnownFileType = sourcecode.swift; path = TimerSerivice.swift; sourceTree = "<group>"; };
		C1DFB2BF2C84239200011058 /* SpeechService.swift */ = {isa = PBXFileReference; lastKnownFileType = sourcecode.swift; path = SpeechService.swift; sourceTree = "<group>"; };
		C1DFB2C12C85DCE300011058 /* GameTimeInfo.swift */ = {isa = PBXFileReference; lastKnownFileType = sourcecode.swift; path = GameTimeInfo.swift; sourceTree = "<group>"; };
		C1DFB2C62C85E3F300011058 /* RepositoryTask.swift */ = {isa = PBXFileReference; lastKnownFileType = sourcecode.swift; path = RepositoryTask.swift; sourceTree = "<group>"; };
		C1DFB2C92C85E58300011058 /* APIEndpoints.swift */ = {isa = PBXFileReference; lastKnownFileType = sourcecode.swift; path = APIEndpoints.swift; sourceTree = "<group>"; };
		C1DFB2CF2C87478600011058 /* GameType.swift */ = {isa = PBXFileReference; lastKnownFileType = sourcecode.swift; path = GameType.swift; sourceTree = "<group>"; };
		C1DFB2D72C8C138400011058 /* DefaultGamesRepository.swift */ = {isa = PBXFileReference; lastKnownFileType = sourcecode.swift; path = DefaultGamesRepository.swift; sourceTree = "<group>"; };
		C1DFB2E02C91D1B800011058 /* GameJudge.swift */ = {isa = PBXFileReference; lastKnownFileType = sourcecode.swift; path = GameJudge.swift; sourceTree = "<group>"; };
		C1DFB2E22C91D70200011058 /* DefaultTimerRepository.swift */ = {isa = PBXFileReference; lastKnownFileType = sourcecode.swift; path = DefaultTimerRepository.swift; sourceTree = "<group>"; };
		C1DFB2E62C966E9600011058 /* STTUseCase.swift */ = {isa = PBXFileReference; lastKnownFileType = sourcecode.swift; path = STTUseCase.swift; sourceTree = "<group>"; };
		C1DFB2E82C96734600011058 /* DefaultSTTRepository.swift */ = {isa = PBXFileReference; lastKnownFileType = sourcecode.swift; path = DefaultSTTRepository.swift; sourceTree = "<group>"; };
		C1DFB2EC2C96738E00011058 /* GameRequestDTO.swift */ = {isa = PBXFileReference; fileEncoding = 4; lastKnownFileType = sourcecode.swift; path = GameRequestDTO.swift; sourceTree = "<group>"; };
		C1DFB2ED2C96738E00011058 /* GameResponseDTO.swift */ = {isa = PBXFileReference; fileEncoding = 4; lastKnownFileType = sourcecode.swift; path = GameResponseDTO.swift; sourceTree = "<group>"; };
		C1DFB2F12C997D1200011058 /* SttTask.swift */ = {isa = PBXFileReference; lastKnownFileType = sourcecode.swift; path = SttTask.swift; sourceTree = "<group>"; };
		C1EA0BD72C9DCF9500CA5CA4 /* TimerTask.swift */ = {isa = PBXFileReference; lastKnownFileType = sourcecode.swift; path = TimerTask.swift; sourceTree = "<group>"; };
		C1EA0BEA2CA43C7400CA5CA4 /* GuessWhoTargetViewModel.swift */ = {isa = PBXFileReference; lastKnownFileType = sourcecode.swift; path = GuessWhoTargetViewModel.swift; sourceTree = "<group>"; };
		C1EA0BEB2CA43C7400CA5CA4 /* GuessWhoViewModel.swift */ = {isa = PBXFileReference; lastKnownFileType = sourcecode.swift; path = GuessWhoViewModel.swift; sourceTree = "<group>"; };
/* End PBXFileReference section */

/* Begin PBXFrameworksBuildPhase section */
		7E83FBB72C755B6100DF4DD7 /* Frameworks */ = {
			isa = PBXFrameworksBuildPhase;
			buildActionMask = 2147483647;
			files = (
				7E445B0C2CF5430C00A26731 /* AsyncNetworkRequest in Frameworks */,
				7E5633432CF00B9400D13013 /* CommonNetworkModel in Frameworks */,
			);
			runOnlyForDeploymentPostprocessing = 0;
		};
		C1DFB2A62C7E105E00011058 /* Frameworks */ = {
			isa = PBXFrameworksBuildPhase;
			buildActionMask = 2147483647;
			files = (
			);
			runOnlyForDeploymentPostprocessing = 0;
		};
/* End PBXFrameworksBuildPhase section */

/* Begin PBXGroup section */
		7E1918662CA2328C008986B9 /* GameScenes */ = {
			isa = PBXGroup;
			children = (
				7E2D62F62CAF5C50001619F0 /* Flow */,
				7E2D62FE2CAF6B66001619F0 /* GameSelection */,
				7E1918682CA232AB008986B9 /* GuessWho */,
				7E2D62F72CAF6031001619F0 /* GameResult */,
			);
			path = GameScenes;
			sourceTree = "<group>";
		};
		7E1918682CA232AB008986B9 /* GuessWho */ = {
			isa = PBXGroup;
			children = (
				7E2D63012CAF6C52001619F0 /* ViewModel */,
				7E19186A2CA232D4008986B9 /* View */,
			);
			path = GuessWho;
			sourceTree = "<group>";
		};
		7E19186A2CA232D4008986B9 /* View */ = {
			isa = PBXGroup;
			children = (
				7E2D630C2CAFAFD2001619F0 /* GuessWhoController.swift */,
				7E2D630E2CAFB013001619F0 /* GuessWhoView.swift */,
			);
			path = View;
			sourceTree = "<group>";
		};
		7E24F6CE2CC0E8D000628C0F /* GameScene */ = {
			isa = PBXGroup;
			children = (
				7E2C169D2CAA273E00A96250 /* GameSceneDIContainer.swift */,
			);
			path = GameScene;
			sourceTree = "<group>";
		};
		7E28F2092CD9D7DB00DD7A2D /* Domain */ = {
			isa = PBXGroup;
			children = (
				7E28F20A2CD9D7F600DD7A2D /* GuessWhoUseCaseTests.swift */,
			);
			path = Domain;
			sourceTree = "<group>";
		};
		7E2C169A2CAA1EE800A96250 /* AppDIContainer */ = {
			isa = PBXGroup;
			children = (
				7E24F6CE2CC0E8D000628C0F /* GameScene */,
				7E2C169B2CAA1EF500A96250 /* AppDIContainer.swift */,
			);
			path = AppDIContainer;
			sourceTree = "<group>";
		};
		7E2D62F62CAF5C50001619F0 /* Flow */ = {
			isa = PBXGroup;
			children = (
				7E2C169F2CAA2AA300A96250 /* GameFlowCoordinator.swift */,
				7E40AF9E2CB3523500317604 /* GameNavigationController.swift */,
			);
			path = Flow;
			sourceTree = "<group>";
		};
		7E2D62F72CAF6031001619F0 /* GameResult */ = {
			isa = PBXGroup;
			children = (
				7E56334C2CF0254A00D13013 /* ViewModel */,
				7E2D62FA2CAF6053001619F0 /* View */,
			);
			path = GameResult;
			sourceTree = "<group>";
		};
		7E2D62FA2CAF6053001619F0 /* View */ = {
			isa = PBXGroup;
			children = (
				7E2D62F82CAF6042001619F0 /* ResultController.swift */,
				7E5633452CF0208700D13013 /* ResultVCViewController.h */,
				7E5633462CF0208700D13013 /* ResultVCViewController.m */,
				7E5633472CF0208700D13013 /* ResultVCViewController.xib */,
				7E5633442CF0208700D13013 /* ExperimentalAgaree-Bridging-Header.h */,
			);
			path = View;
			sourceTree = "<group>";
		};
		7E2D62FE2CAF6B66001619F0 /* GameSelection */ = {
			isa = PBXGroup;
			children = (
				7E2D63002CAF6C46001619F0 /* ViewModel */,
				7E2D62FF2CAF6C41001619F0 /* View */,
			);
			path = GameSelection;
			sourceTree = "<group>";
		};
		7E2D62FF2CAF6C41001619F0 /* View */ = {
			isa = PBXGroup;
			children = (
				7E3B5ED32CBC987D0010FA0F /* InstView */,
				7E2D63022CAF748D001619F0 /* PreGameController.swift */,
				7E2D630A2CAFAEF7001619F0 /* HowToPlayView.swift */,
				C178BA742CB2737C0081CB10 /* PreGameView.swift */,
			);
			path = View;
			sourceTree = "<group>";
		};
		7E2D63002CAF6C46001619F0 /* ViewModel */ = {
			isa = PBXGroup;
			children = (
				7E40AFA32CB35AF700317604 /* GameSelectionViewModel.swift */,
				C1DFB2CF2C87478600011058 /* GameType.swift */,
			);
			path = ViewModel;
			sourceTree = "<group>";
		};
		7E2D63012CAF6C52001619F0 /* ViewModel */ = {
			isa = PBXGroup;
			children = (
				C1EA0BEA2CA43C7400CA5CA4 /* GuessWhoTargetViewModel.swift */,
				C1EA0BEB2CA43C7400CA5CA4 /* GuessWhoViewModel.swift */,
			);
			path = ViewModel;
			sourceTree = "<group>";
		};
		7E3B5ED32CBC987D0010FA0F /* InstView */ = {
			isa = PBXGroup;
			children = (
				7E3B5ED42CBC98950010FA0F /* GuessWhoHTPV.swift */,
			);
			path = InstView;
			sourceTree = "<group>";
		};
		7E40AFA52CB35E0B00317604 /* GameSelection */ = {
			isa = PBXGroup;
			children = (
				7E40AFA62CB35E1A00317604 /* GameSelectionUseCase.swift */,
			);
			path = GameSelection;
			sourceTree = "<group>";
		};
		7E40AFA82CB362D700317604 /* Game */ = {
			isa = PBXGroup;
			children = (
				7E42F7582C8AB1B600C760C9 /* FetchGameModelUseCase.swift */,
				7E75F8AA2C925EDC009E8BC5 /* GameTimerUseCase.swift */,
				C1DFB2E62C966E9600011058 /* STTUseCase.swift */,
				7E3D954D2C9B9A37006144F2 /* GuessWhoGameUseCase.swift */,
			);
			path = Game;
			sourceTree = "<group>";
		};
		7E41A1BC2C8E6BC1006060A3 /* Infrastructure */ = {
			isa = PBXGroup;
			children = (
				7E41A1BD2C8E6BD4006060A3 /* Network */,
			);
			path = Infrastructure;
			sourceTree = "<group>";
		};
		7E41A1BD2C8E6BD4006060A3 /* Network */ = {
			isa = PBXGroup;
			children = (
				7E41A1C02C8E6C45006060A3 /* Mock */,
				7E41A1C52C8E7074006060A3 /* NetworkServiceTest.swift */,
				7E28F2072CD9D58600DD7A2D /* DataTransferServiceTest.swift */,
			);
			path = Network;
			sourceTree = "<group>";
		};
		7E41A1C02C8E6C45006060A3 /* Mock */ = {
			isa = PBXGroup;
			children = (
				7E41A1C12C8E6C55006060A3 /* NetworkConfigurableMock.swift */,
				7E41A1C32C8E6F90006060A3 /* NetworkSessionManagerMock.swift */,
			);
			path = Mock;
			sourceTree = "<group>";
		};
		7E56333E2CEFF26A00D13013 /* Frameworks */ = {
			isa = PBXGroup;
			children = (
			);
			name = Frameworks;
			sourceTree = "<group>";
		};
		7E56334C2CF0254A00D13013 /* ViewModel */ = {
			isa = PBXGroup;
			children = (
				7E56334D2CF0255700D13013 /* ResultViewModel.m */,
				7E56334F2CF0256700D13013 /* ResultViewModel.h */,
			);
			path = ViewModel;
			sourceTree = "<group>";
		};
		7E7B165A2C7D40E800632CBB /* Prentation */ = {
			isa = PBXGroup;
			children = (
				7E7B9DC02CEC20BB000C68C5 /* Behaviors */,
				7E1918662CA2328C008986B9 /* GameScenes */,
				7E7B165B2C7D410200632CBB /* Utils */,
				7E7B16602C7D4AF200632CBB /* Protocols */,
				7E7B16652C7D4E2700632CBB /* Extensions */,
			);
			path = Prentation;
			sourceTree = "<group>";
		};
		7E7B165B2C7D410200632CBB /* Utils */ = {
			isa = PBXGroup;
			children = (
				7E7B165C2C7D42D300632CBB /* Observable.swift */,
				7E7B165E2C7D455C00632CBB /* LoadingView.swift */,
				C178BA782CB7FEC30081CB10 /* ErrorHandler.swift */,
			);
			path = Utils;
			sourceTree = "<group>";
		};
		7E7B16602C7D4AF200632CBB /* Protocols */ = {
			isa = PBXGroup;
			children = (
				7E7B16612C7D4BC000632CBB /* Alertable.swift */,
				7E7B16632C7D4C4200632CBB /* ExtensionBase.swift */,
			);
			path = Protocols;
			sourceTree = "<group>";
		};
		7E7B16652C7D4E2700632CBB /* Extensions */ = {
			isa = PBXGroup;
			children = (
				7E7B16662C7D4E5C00632CBB /* UIVC + AddBehaviors.swift */,
				7E2D62FC2CAF6408001619F0 /* UILabel + UpdateLabelFontSize.swift */,
				C178BA762CB2743D0081CB10 /* UILabel + UIButton.swift */,
				7E51415A2D02955500E7D03D /* UIVC + SwiftUI_Preview.swift */,
			);
			path = Extensions;
			sourceTree = "<group>";
		};
		7E7B9DC02CEC20BB000C68C5 /* Behaviors */ = {
			isa = PBXGroup;
			children = (
				7E7B9DC12CEC20D2000C68C5 /* BackBtnEmptyBehavior.swift */,
				7E7B9DC32CEC20F2000C68C5 /* GameEndBtnBehavior.swift */,
			);
			path = Behaviors;
			sourceTree = "<group>";
		};
		7E83FBB12C755B6100DF4DD7 = {
			isa = PBXGroup;
			children = (
				7E5633412CF00B7B00D13013 /* CommonNetworkModel */,
				7E69C8202CEF0A7600C55064 /* AsyncNetworkRequest */,
				7E83FBBC2C755B6100DF4DD7 /* ExperimentalAgaree */,
				C1DFB2AA2C7E105E00011058 /* ExperimentalAgareeTests */,
				7E83FBBB2C755B6100DF4DD7 /* Products */,
				7E56333E2CEFF26A00D13013 /* Frameworks */,
			);
			sourceTree = "<group>";
		};
		7E83FBBB2C755B6100DF4DD7 /* Products */ = {
			isa = PBXGroup;
			children = (
				7E83FBBA2C755B6100DF4DD7 /* ExperimentalAgaree.app */,
				C1DFB2A92C7E105E00011058 /* ExperimentalAgareeTests.xctest */,
			);
			name = Products;
			sourceTree = "<group>";
		};
		7E83FBBC2C755B6100DF4DD7 /* ExperimentalAgaree */ = {
			isa = PBXGroup;
			children = (
				C1DFB2DB2C8F1AD400011058 /* Etc */,
				7E7B165A2C7D40E800632CBB /* Prentation */,
				C1C692E32C7A0FEA00EF0C45 /* Common */,
				C1C692DA2C7A078200EF0C45 /* Data */,
				C1C692D92C7A077900EF0C45 /* Domain */,
				7E83FBD32C755CB900DF4DD7 /* Infrastructure */,
				7E83FBD12C755B6D00DF4DD7 /* Application */,
				7E83FBC12C755B6100DF4DD7 /* ViewController.swift */,
				7E83FBC32C755B6100DF4DD7 /* Main.storyboard */,
				7E83FBC62C755B6300DF4DD7 /* Assets.xcassets */,
				7E83FBCB2C755B6300DF4DD7 /* Info.plist */,
				7E8084CF2CD3025C00018238 /* README.md */,
			);
			path = ExperimentalAgaree;
			sourceTree = "<group>";
		};
		7E83FBD12C755B6D00DF4DD7 /* Application */ = {
			isa = PBXGroup;
			children = (
				7E2C169A2CAA1EE800A96250 /* AppDIContainer */,
				7E83FBBF2C755B6100DF4DD7 /* SceneDelegate.swift */,
				7E83FBBD2C755B6100DF4DD7 /* AppDelegate.swift */,
				7E2C16962CAA1DA200A96250 /* AppConfiguration.swift */,
				7E2C16982CAA1E5F00A96250 /* AppFlowCoordinator.swift */,
			);
			path = Application;
			sourceTree = "<group>";
		};
		7E83FBD32C755CB900DF4DD7 /* Infrastructure */ = {
			isa = PBXGroup;
			children = (
				7E8522502CBDDF7600481710 /* Audio */,
				C1DFB2B82C82246100011058 /* STT */,
				C1DFB2B32C80ABE000011058 /* Timer */,
				7E83FBD42C755CD400DF4DD7 /* Network */,
			);
			path = Infrastructure;
			sourceTree = "<group>";
		};
		7E83FBD42C755CD400DF4DD7 /* Network */ = {
			isa = PBXGroup;
			children = (
				7E83FBD92C759A1D00DF4DD7 /* NetworkService.swift */,
				7E60BD302C76B3CE0070BA0A /* DataTransferService.swift */,
				7E445B0D2CF5625C00A26731 /* AsyncDataTransferService.swift */,
			);
			path = Network;
			sourceTree = "<group>";
		};
		7E8522502CBDDF7600481710 /* Audio */ = {
			isa = PBXGroup;
			children = (
				7E35686B2CBF349100EC55DA /* AudioEngineBuilderService.swift */,
			);
			path = Audio;
			sourceTree = "<group>";
		};
		7E8DB8DD2C7BFF8A00D9B9F0 /* GuessWhoGame */ = {
			isa = PBXGroup;
			children = (
				7E40AFA82CB362D700317604 /* Game */,
				7E40AFA52CB35E0B00317604 /* GameSelection */,
			);
			path = GuessWhoGame;
			sourceTree = "<group>";
		};
		C1C692D92C7A077900EF0C45 /* Domain */ = {
			isa = PBXGroup;
			children = (
				C1DFB29E2C7A204C00011058 /* UseCases */,
				C1C692DE2C7A0A0100EF0C45 /* Entities */,
				C1C692DB2C7A078600EF0C45 /* Interfaces */,
			);
			path = Domain;
			sourceTree = "<group>";
		};
		C1C692DA2C7A078200EF0C45 /* Data */ = {
			isa = PBXGroup;
			children = (
				C1DFB2EE2C96738E00011058 /* DataMapping */,
				C1DFB2D62C8C10F000011058 /* Repositories */,
				C1DFB2C52C85E3E900011058 /* Utils */,
			);
			path = Data;
			sourceTree = "<group>";
		};
		C1C692DB2C7A078600EF0C45 /* Interfaces */ = {
			isa = PBXGroup;
			children = (
				C1C692DC2C7A08B500EF0C45 /* GamesRepository.swift */,
				7E8DB8D82C7BF85000D9B9F0 /* TimerRepository.swift */,
				C1DFB2A12C7DEBB000011058 /* STTRepository.swift */,
				7E85224E2CBDDF6F00481710 /* AudioRepository.swift */,
				7E2C8D732CF69F0B0093C4BD /* GameModelImageRepository.swift */,
			);
			path = Interfaces;
			sourceTree = "<group>";
		};
		C1C692DE2C7A0A0100EF0C45 /* Entities */ = {
			isa = PBXGroup;
			children = (
				C1C692DF2C7A0A0B00EF0C45 /* GameModelList.swift */,
				C1DFB2C12C85DCE300011058 /* GameTimeInfo.swift */,
				C1DFB2A32C7DED1200011058 /* SttModel.swift */,
				C1DFB2E02C91D1B800011058 /* GameJudge.swift */,
			);
			path = Entities;
			sourceTree = "<group>";
		};
		C1C692E32C7A0FEA00EF0C45 /* Common */ = {
			isa = PBXGroup;
			children = (
				C1C692E42C7A0FF000EF0C45 /* Cancellable.swift */,
				7E75F8AC2C9262B0009E8BC5 /* GameJudgeable.swift */,
				7E3CBC722CB75DBD00E2AD1D /* AuthCheckable.swift */,
			);
			path = Common;
			sourceTree = "<group>";
		};
		C1DFB29E2C7A204C00011058 /* UseCases */ = {
			isa = PBXGroup;
			children = (
				7E8DB8DD2C7BFF8A00D9B9F0 /* GuessWhoGame */,
			);
			path = UseCases;
			sourceTree = "<group>";
		};
		C1DFB2AA2C7E105E00011058 /* ExperimentalAgareeTests */ = {
			isa = PBXGroup;
			children = (
				7E28F2092CD9D7DB00DD7A2D /* Domain */,
				7E41A1BC2C8E6BC1006060A3 /* Infrastructure */,
			);
			path = ExperimentalAgareeTests;
			sourceTree = "<group>";
		};
		C1DFB2B32C80ABE000011058 /* Timer */ = {
			isa = PBXGroup;
			children = (
				C1DFB2B42C80AC5500011058 /* TimerConfiguration.swift */,
				C1DFB2B62C80ACB200011058 /* TimerSerivice.swift */,
			);
			path = Timer;
			sourceTree = "<group>";
		};
		C1DFB2B82C82246100011058 /* STT */ = {
			isa = PBXGroup;
			children = (
				C1DFB2BF2C84239200011058 /* SpeechService.swift */,
			);
			path = STT;
			sourceTree = "<group>";
		};
		C1DFB2C52C85E3E900011058 /* Utils */ = {
			isa = PBXGroup;
			children = (
				C1DFB2C62C85E3F300011058 /* RepositoryTask.swift */,
				C1DFB2F12C997D1200011058 /* SttTask.swift */,
				C1EA0BD72C9DCF9500CA5CA4 /* TimerTask.swift */,
				7E8522532CBDF7A200481710 /* AudioTask.swift */,
			);
			path = Utils;
			sourceTree = "<group>";
		};
		C1DFB2C82C85E57000011058 /* Network */ = {
			isa = PBXGroup;
			children = (
				C1DFB2C92C85E58300011058 /* APIEndpoints.swift */,
			);
			path = Network;
			sourceTree = "<group>";
		};
		C1DFB2D62C8C10F000011058 /* Repositories */ = {
			isa = PBXGroup;
			children = (
				C1DFB2E82C96734600011058 /* DefaultSTTRepository.swift */,
				C1DFB2D72C8C138400011058 /* DefaultGamesRepository.swift */,
				7E8522512CBDEB7A00481710 /* DefaultAudioRepository.swift */,
				C1DFB2E22C91D70200011058 /* DefaultTimerRepository.swift */,
				7E2C8D752CF6A2000093C4BD /* DefaultGameModelImageRepository.swift */,
				C1DFB2C82C85E57000011058 /* Network */,
			);
			path = Repositories;
			sourceTree = "<group>";
		};
		C1DFB2DB2C8F1AD400011058 /* Etc */ = {
			isa = PBXGroup;
			children = (
			);
			path = Etc;
			sourceTree = "<group>";
		};
		C1DFB2EE2C96738E00011058 /* DataMapping */ = {
			isa = PBXGroup;
			children = (
				C1DFB2EC2C96738E00011058 /* GameRequestDTO.swift */,
				C1DFB2ED2C96738E00011058 /* GameResponseDTO.swift */,
			);
			path = DataMapping;
			sourceTree = "<group>";
		};
/* End PBXGroup section */

/* Begin PBXNativeTarget section */
		7E83FBB92C755B6100DF4DD7 /* ExperimentalAgaree */ = {
			isa = PBXNativeTarget;
			buildConfigurationList = 7E83FBCE2C755B6300DF4DD7 /* Build configuration list for PBXNativeTarget "ExperimentalAgaree" */;
			buildPhases = (
				7E83FBB62C755B6100DF4DD7 /* Sources */,
				7E83FBB72C755B6100DF4DD7 /* Frameworks */,
				7E83FBB82C755B6100DF4DD7 /* Resources */,
			);
			buildRules = (
			);
			dependencies = (
			);
			name = ExperimentalAgaree;
			packageProductDependencies = (
				7E5633422CF00B9400D13013 /* CommonNetworkModel */,
				7E445B0B2CF5430C00A26731 /* AsyncNetworkRequest */,
			);
			productName = ExperimentalAgaree;
			productReference = 7E83FBBA2C755B6100DF4DD7 /* ExperimentalAgaree.app */;
			productType = "com.apple.product-type.application";
		};
		C1DFB2A82C7E105E00011058 /* ExperimentalAgareeTests */ = {
			isa = PBXNativeTarget;
			buildConfigurationList = C1DFB2B12C7E105E00011058 /* Build configuration list for PBXNativeTarget "ExperimentalAgareeTests" */;
			buildPhases = (
				C1DFB2A52C7E105E00011058 /* Sources */,
				C1DFB2A62C7E105E00011058 /* Frameworks */,
				C1DFB2A72C7E105E00011058 /* Resources */,
			);
			buildRules = (
			);
			dependencies = (
				C1DFB2AE2C7E105E00011058 /* PBXTargetDependency */,
			);
			name = ExperimentalAgareeTests;
			productName = ExperimentalAgareeTests;
			productReference = C1DFB2A92C7E105E00011058 /* ExperimentalAgareeTests.xctest */;
			productType = "com.apple.product-type.bundle.unit-test";
		};
/* End PBXNativeTarget section */

/* Begin PBXProject section */
		7E83FBB22C755B6100DF4DD7 /* Project object */ = {
			isa = PBXProject;
			attributes = {
				BuildIndependentTargetsInParallel = 1;
				LastSwiftUpdateCheck = 1540;
				LastUpgradeCheck = 1500;
				TargetAttributes = {
					7E83FBB92C755B6100DF4DD7 = {
						CreatedOnToolsVersion = 15.0.1;
						LastSwiftMigration = 1500;
					};
					C1DFB2A82C7E105E00011058 = {
						CreatedOnToolsVersion = 15.4;
						TestTargetID = 7E83FBB92C755B6100DF4DD7;
					};
				};
			};
			buildConfigurationList = 7E83FBB52C755B6100DF4DD7 /* Build configuration list for PBXProject "ExperimentalAgaree" */;
			compatibilityVersion = "Xcode 14.0";
			developmentRegion = en;
			hasScannedForEncodings = 0;
			knownRegions = (
				en,
				Base,
			);
			mainGroup = 7E83FBB12C755B6100DF4DD7;
			productRefGroup = 7E83FBBB2C755B6100DF4DD7 /* Products */;
			projectDirPath = "";
			projectRoot = "";
			targets = (
				7E83FBB92C755B6100DF4DD7 /* ExperimentalAgaree */,
				C1DFB2A82C7E105E00011058 /* ExperimentalAgareeTests */,
			);
		};
/* End PBXProject section */

/* Begin PBXResourcesBuildPhase section */
		7E83FBB82C755B6100DF4DD7 /* Resources */ = {
			isa = PBXResourcesBuildPhase;
			buildActionMask = 2147483647;
			files = (
				7E83FBC72C755B6300DF4DD7 /* Assets.xcassets in Resources */,
				7E5633492CF0208700D13013 /* ResultVCViewController.xib in Resources */,
				7E83FBC52C755B6100DF4DD7 /* Main.storyboard in Resources */,
			);
			runOnlyForDeploymentPostprocessing = 0;
		};
		C1DFB2A72C7E105E00011058 /* Resources */ = {
			isa = PBXResourcesBuildPhase;
			buildActionMask = 2147483647;
			files = (
			);
			runOnlyForDeploymentPostprocessing = 0;
		};
/* End PBXResourcesBuildPhase section */

/* Begin PBXSourcesBuildPhase section */
		7E83FBB62C755B6100DF4DD7 /* Sources */ = {
			isa = PBXSourcesBuildPhase;
			buildActionMask = 2147483647;
			files = (
				7E2C169C2CAA1EF500A96250 /* AppDIContainer.swift in Sources */,
				7E2D630D2CAFAFD2001619F0 /* GuessWhoController.swift in Sources */,
				C178BA772CB2743D0081CB10 /* UILabel + UIButton.swift in Sources */,
				C1DFB2EF2C96738E00011058 /* GameRequestDTO.swift in Sources */,
				7E40AFA42CB35AF700317604 /* GameSelectionViewModel.swift in Sources */,
				7E60BD312C76B3CE0070BA0A /* DataTransferService.swift in Sources */,
				7E7B165D2C7D42D300632CBB /* Observable.swift in Sources */,
				7E2C8D762CF6A2000093C4BD /* DefaultGameModelImageRepository.swift in Sources */,
				7E8DB8D92C7BF85000D9B9F0 /* TimerRepository.swift in Sources */,
				7E75F8AD2C9262B0009E8BC5 /* GameJudgeable.swift in Sources */,
				7E2C16A02CAA2AA300A96250 /* GameFlowCoordinator.swift in Sources */,
				7E5633482CF0208700D13013 /* ResultVCViewController.m in Sources */,
				7E83FBC22C755B6100DF4DD7 /* ViewController.swift in Sources */,
				C1DFB2B52C80AC5500011058 /* TimerConfiguration.swift in Sources */,
				C1DFB2D02C87478600011058 /* GameType.swift in Sources */,
				C1DFB2E72C966E9600011058 /* STTUseCase.swift in Sources */,
				C1DFB2A22C7DEBB000011058 /* STTRepository.swift in Sources */,
				7E3B5ED52CBC98950010FA0F /* GuessWhoHTPV.swift in Sources */,
				C1EA0BD82C9DCF9500CA5CA4 /* TimerTask.swift in Sources */,
				7E40AF9F2CB3523500317604 /* GameNavigationController.swift in Sources */,
				7E85224F2CBDDF6F00481710 /* AudioRepository.swift in Sources */,
				7E2C16972CAA1DA200A96250 /* AppConfiguration.swift in Sources */,
				7E56334E2CF0255700D13013 /* ResultViewModel.m in Sources */,
				7E7B16672C7D4E5C00632CBB /* UIVC + AddBehaviors.swift in Sources */,
				7E2D630F2CAFB013001619F0 /* GuessWhoView.swift in Sources */,
				7E2D63032CAF748D001619F0 /* PreGameController.swift in Sources */,
				7E7B9DC42CEC20F2000C68C5 /* GameEndBtnBehavior.swift in Sources */,
				7E7B165F2C7D455C00632CBB /* LoadingView.swift in Sources */,
				C1DFB2E92C96734600011058 /* DefaultSTTRepository.swift in Sources */,
				7E35686C2CBF349100EC55DA /* AudioEngineBuilderService.swift in Sources */,
				7E7B16642C7D4C4200632CBB /* ExtensionBase.swift in Sources */,
				C1C692E02C7A0A0B00EF0C45 /* GameModelList.swift in Sources */,
				7E2C169E2CAA273E00A96250 /* GameSceneDIContainer.swift in Sources */,
				7E51415B2D02955500E7D03D /* UIVC + SwiftUI_Preview.swift in Sources */,
				7E2D62F92CAF6042001619F0 /* ResultController.swift in Sources */,
				C1DFB2F02C96738E00011058 /* GameResponseDTO.swift in Sources */,
				7E83FBBE2C755B6100DF4DD7 /* AppDelegate.swift in Sources */,
				C1EA0BEC2CA43C7400CA5CA4 /* GuessWhoViewModel.swift in Sources */,
				C1EA0BED2CA43C7400CA5CA4 /* GuessWhoTargetViewModel.swift in Sources */,
				7E8522542CBDF7A200481710 /* AudioTask.swift in Sources */,
				C1DFB2D82C8C138400011058 /* DefaultGamesRepository.swift in Sources */,
				7E83FBDA2C759A1D00DF4DD7 /* NetworkService.swift in Sources */,
				7E2D62FD2CAF6408001619F0 /* UILabel + UpdateLabelFontSize.swift in Sources */,
				7E2C16992CAA1E5F00A96250 /* AppFlowCoordinator.swift in Sources */,
				C1C692E52C7A0FF000EF0C45 /* Cancellable.swift in Sources */,
				C1DFB2C02C84239200011058 /* SpeechService.swift in Sources */,
				7E42F7592C8AB1B600C760C9 /* FetchGameModelUseCase.swift in Sources */,
				7E7B16622C7D4BC000632CBB /* Alertable.swift in Sources */,
				7E2C8D742CF69F0B0093C4BD /* GameModelImageRepository.swift in Sources */,
				7E40AFA72CB35E1A00317604 /* GameSelectionUseCase.swift in Sources */,
				C1DFB2CA2C85E58300011058 /* APIEndpoints.swift in Sources */,
				7E75F8AB2C925EDC009E8BC5 /* GameTimerUseCase.swift in Sources */,
				C178BA752CB2737C0081CB10 /* PreGameView.swift in Sources */,
				C1C692DD2C7A08B500EF0C45 /* GamesRepository.swift in Sources */,
				C1DFB2C22C85DCE300011058 /* GameTimeInfo.swift in Sources */,
				C1DFB2E12C91D1B800011058 /* GameJudge.swift in Sources */,
				7E3D954E2C9B9A37006144F2 /* GuessWhoGameUseCase.swift in Sources */,
				C1DFB2C72C85E3F300011058 /* RepositoryTask.swift in Sources */,
				7E445B0E2CF5625C00A26731 /* AsyncDataTransferService.swift in Sources */,
				C1DFB2F22C997D1200011058 /* SttTask.swift in Sources */,
				C1DFB2B72C80ACB200011058 /* TimerSerivice.swift in Sources */,
				C1DFB2A42C7DED1200011058 /* SttModel.swift in Sources */,
				7E2D630B2CAFAEF7001619F0 /* HowToPlayView.swift in Sources */,
				7E7B9DC22CEC20D2000C68C5 /* BackBtnEmptyBehavior.swift in Sources */,
				C1DFB2E32C91D70200011058 /* DefaultTimerRepository.swift in Sources */,
				7E83FBC02C755B6100DF4DD7 /* SceneDelegate.swift in Sources */,
				C178BA792CB7FEC30081CB10 /* ErrorHandler.swift in Sources */,
				7E3CBC732CB75DBD00E2AD1D /* AuthCheckable.swift in Sources */,
				7E8522522CBDEB7A00481710 /* DefaultAudioRepository.swift in Sources */,
			);
			runOnlyForDeploymentPostprocessing = 0;
		};
		C1DFB2A52C7E105E00011058 /* Sources */ = {
			isa = PBXSourcesBuildPhase;
			buildActionMask = 2147483647;
			files = (
				7E28F20B2CD9D7F600DD7A2D /* GuessWhoUseCaseTests.swift in Sources */,
				7E28F2082CD9D58600DD7A2D /* DataTransferServiceTest.swift in Sources */,
				7E41A1C22C8E6C55006060A3 /* NetworkConfigurableMock.swift in Sources */,
				7E41A1C62C8E7074006060A3 /* NetworkServiceTest.swift in Sources */,
				7E41A1C42C8E6F90006060A3 /* NetworkSessionManagerMock.swift in Sources */,
			);
			runOnlyForDeploymentPostprocessing = 0;
		};
/* End PBXSourcesBuildPhase section */

/* Begin PBXTargetDependency section */
		C1DFB2AE2C7E105E00011058 /* PBXTargetDependency */ = {
			isa = PBXTargetDependency;
			target = 7E83FBB92C755B6100DF4DD7 /* ExperimentalAgaree */;
			targetProxy = C1DFB2AD2C7E105E00011058 /* PBXContainerItemProxy */;
		};
/* End PBXTargetDependency section */

/* Begin PBXVariantGroup section */
		7E83FBC32C755B6100DF4DD7 /* Main.storyboard */ = {
			isa = PBXVariantGroup;
			children = (
				7E83FBC42C755B6100DF4DD7 /* Base */,
			);
			name = Main.storyboard;
			sourceTree = "<group>";
		};
/* End PBXVariantGroup section */

/* Begin XCBuildConfiguration section */
		7E83FBCC2C755B6300DF4DD7 /* Debug */ = {
			isa = XCBuildConfiguration;
			buildSettings = {
				ALWAYS_SEARCH_USER_PATHS = NO;
				API_BASE_URL = "https://agareegames.fly.dev";
				API_BUNDLE = com.kr.magic;
				API_UUID = "59287382-e52d-4090-a829-864b5b578bc1";
				ASSETCATALOG_COMPILER_GENERATE_SWIFT_ASSET_SYMBOL_EXTENSIONS = YES;
				CLANG_ANALYZER_NONNULL = YES;
				CLANG_ANALYZER_NUMBER_OBJECT_CONVERSION = YES_AGGRESSIVE;
				CLANG_CXX_LANGUAGE_STANDARD = "gnu++20";
				CLANG_ENABLE_MODULES = YES;
				CLANG_ENABLE_OBJC_ARC = YES;
				CLANG_ENABLE_OBJC_WEAK = YES;
				CLANG_WARN_BLOCK_CAPTURE_AUTORELEASING = YES;
				CLANG_WARN_BOOL_CONVERSION = YES;
				CLANG_WARN_COMMA = YES;
				CLANG_WARN_CONSTANT_CONVERSION = YES;
				CLANG_WARN_DEPRECATED_OBJC_IMPLEMENTATIONS = YES;
				CLANG_WARN_DIRECT_OBJC_ISA_USAGE = YES_ERROR;
				CLANG_WARN_DOCUMENTATION_COMMENTS = YES;
				CLANG_WARN_EMPTY_BODY = YES;
				CLANG_WARN_ENUM_CONVERSION = YES;
				CLANG_WARN_INFINITE_RECURSION = YES;
				CLANG_WARN_INT_CONVERSION = YES;
				CLANG_WARN_NON_LITERAL_NULL_CONVERSION = YES;
				CLANG_WARN_OBJC_IMPLICIT_RETAIN_SELF = YES;
				CLANG_WARN_OBJC_LITERAL_CONVERSION = YES;
				CLANG_WARN_OBJC_ROOT_CLASS = YES_ERROR;
				CLANG_WARN_QUOTED_INCLUDE_IN_FRAMEWORK_HEADER = YES;
				CLANG_WARN_RANGE_LOOP_ANALYSIS = YES;
				CLANG_WARN_STRICT_PROTOTYPES = YES;
				CLANG_WARN_SUSPICIOUS_MOVE = YES;
				CLANG_WARN_UNGUARDED_AVAILABILITY = YES_AGGRESSIVE;
				CLANG_WARN_UNREACHABLE_CODE = YES;
				CLANG_WARN__DUPLICATE_METHOD_MATCH = YES;
				COPY_PHASE_STRIP = NO;
				DEBUG_INFORMATION_FORMAT = dwarf;
				ENABLE_STRICT_OBJC_MSGSEND = YES;
				ENABLE_TESTABILITY = YES;
				ENABLE_USER_SCRIPT_SANDBOXING = YES;
				GCC_C_LANGUAGE_STANDARD = gnu17;
				GCC_DYNAMIC_NO_PIC = NO;
				GCC_NO_COMMON_BLOCKS = YES;
				GCC_OPTIMIZATION_LEVEL = 0;
				GCC_PREPROCESSOR_DEFINITIONS = (
					"DEBUG=1",
					"$(inherited)",
				);
				GCC_WARN_64_TO_32_BIT_CONVERSION = YES;
				GCC_WARN_ABOUT_RETURN_TYPE = YES_ERROR;
				GCC_WARN_UNDECLARED_SELECTOR = YES;
				GCC_WARN_UNINITIALIZED_AUTOS = YES_AGGRESSIVE;
				GCC_WARN_UNUSED_FUNCTION = YES;
				GCC_WARN_UNUSED_VARIABLE = YES;
				IPHONEOS_DEPLOYMENT_TARGET = 15.0;
				LOCALIZATION_PREFERS_STRING_CATALOGS = YES;
				MTL_ENABLE_DEBUG_INFO = INCLUDE_SOURCE;
				MTL_FAST_MATH = YES;
				ONLY_ACTIVE_ARCH = YES;
				SDKROOT = iphoneos;
				SWIFT_ACTIVE_COMPILATION_CONDITIONS = "DEBUG $(inherited)";
				SWIFT_OBJC_BRIDGING_HEADER = "ExperimentalAgaree-Bridging-Header.h";
				SWIFT_OPTIMIZATION_LEVEL = "-Onone";
			};
			name = Debug;
		};
		7E83FBCD2C755B6300DF4DD7 /* Release */ = {
			isa = XCBuildConfiguration;
			buildSettings = {
				ALWAYS_SEARCH_USER_PATHS = NO;
				API_BASE_URL = "https://agareegames.fly.dev";
				API_BUNDLE = com.kr.magic;
				API_UUID = "59287382-e52d-4090-a829-864b5b578bc1";
				ASSETCATALOG_COMPILER_GENERATE_SWIFT_ASSET_SYMBOL_EXTENSIONS = YES;
				CLANG_ANALYZER_NONNULL = YES;
				CLANG_ANALYZER_NUMBER_OBJECT_CONVERSION = YES_AGGRESSIVE;
				CLANG_CXX_LANGUAGE_STANDARD = "gnu++20";
				CLANG_ENABLE_MODULES = YES;
				CLANG_ENABLE_OBJC_ARC = YES;
				CLANG_ENABLE_OBJC_WEAK = YES;
				CLANG_WARN_BLOCK_CAPTURE_AUTORELEASING = YES;
				CLANG_WARN_BOOL_CONVERSION = YES;
				CLANG_WARN_COMMA = YES;
				CLANG_WARN_CONSTANT_CONVERSION = YES;
				CLANG_WARN_DEPRECATED_OBJC_IMPLEMENTATIONS = YES;
				CLANG_WARN_DIRECT_OBJC_ISA_USAGE = YES_ERROR;
				CLANG_WARN_DOCUMENTATION_COMMENTS = YES;
				CLANG_WARN_EMPTY_BODY = YES;
				CLANG_WARN_ENUM_CONVERSION = YES;
				CLANG_WARN_INFINITE_RECURSION = YES;
				CLANG_WARN_INT_CONVERSION = YES;
				CLANG_WARN_NON_LITERAL_NULL_CONVERSION = YES;
				CLANG_WARN_OBJC_IMPLICIT_RETAIN_SELF = YES;
				CLANG_WARN_OBJC_LITERAL_CONVERSION = YES;
				CLANG_WARN_OBJC_ROOT_CLASS = YES_ERROR;
				CLANG_WARN_QUOTED_INCLUDE_IN_FRAMEWORK_HEADER = YES;
				CLANG_WARN_RANGE_LOOP_ANALYSIS = YES;
				CLANG_WARN_STRICT_PROTOTYPES = YES;
				CLANG_WARN_SUSPICIOUS_MOVE = YES;
				CLANG_WARN_UNGUARDED_AVAILABILITY = YES_AGGRESSIVE;
				CLANG_WARN_UNREACHABLE_CODE = YES;
				CLANG_WARN__DUPLICATE_METHOD_MATCH = YES;
				COPY_PHASE_STRIP = NO;
				DEBUG_INFORMATION_FORMAT = "dwarf-with-dsym";
				ENABLE_NS_ASSERTIONS = NO;
				ENABLE_STRICT_OBJC_MSGSEND = YES;
				ENABLE_USER_SCRIPT_SANDBOXING = YES;
				GCC_C_LANGUAGE_STANDARD = gnu17;
				GCC_NO_COMMON_BLOCKS = YES;
				GCC_WARN_64_TO_32_BIT_CONVERSION = YES;
				GCC_WARN_ABOUT_RETURN_TYPE = YES_ERROR;
				GCC_WARN_UNDECLARED_SELECTOR = YES;
				GCC_WARN_UNINITIALIZED_AUTOS = YES_AGGRESSIVE;
				GCC_WARN_UNUSED_FUNCTION = YES;
				GCC_WARN_UNUSED_VARIABLE = YES;
				IPHONEOS_DEPLOYMENT_TARGET = 15.0;
				LOCALIZATION_PREFERS_STRING_CATALOGS = YES;
				MTL_ENABLE_DEBUG_INFO = NO;
				MTL_FAST_MATH = YES;
				SDKROOT = iphoneos;
				SWIFT_COMPILATION_MODE = wholemodule;
				SWIFT_OBJC_BRIDGING_HEADER = "ExperimentalAgaree-Bridging-Header.h";
				VALIDATE_PRODUCT = YES;
			};
			name = Release;
		};
		7E83FBCF2C755B6300DF4DD7 /* Debug */ = {
			isa = XCBuildConfiguration;
			buildSettings = {
				ASSETCATALOG_COMPILER_APPICON_NAME = AppIcon;
				ASSETCATALOG_COMPILER_GLOBAL_ACCENT_COLOR_NAME = AccentColor;
				CLANG_ENABLE_MODULES = YES;
				CODE_SIGN_STYLE = Automatic;
				CURRENT_PROJECT_VERSION = 1;
				DEVELOPMENT_TEAM = ZD5K45Y4NW;
				GENERATE_INFOPLIST_FILE = YES;
				INFOPLIST_FILE = ExperimentalAgaree/Info.plist;
				INFOPLIST_KEY_NSMicrophoneUsageDescription = "게임 진행을 위해 해당 디바이스의 마이크를 사용합니다.";
				INFOPLIST_KEY_NSSpeechRecognitionUsageDescription = "게임 진행을 위해 해당 디바이스의 스피치 기능을 사용합니다.";
				INFOPLIST_KEY_UIApplicationSupportsIndirectInputEvents = YES;
				INFOPLIST_KEY_UILaunchStoryboardName = LaunchScreen;
				INFOPLIST_KEY_UISupportedInterfaceOrientations = UIInterfaceOrientationPortrait;
				INFOPLIST_KEY_UISupportedInterfaceOrientations_iPad = "UIInterfaceOrientationLandscapeLeft UIInterfaceOrientationLandscapeRight UIInterfaceOrientationPortrait UIInterfaceOrientationPortraitUpsideDown";
				IPHONEOS_DEPLOYMENT_TARGET = 15.0;
				LD_RUNPATH_SEARCH_PATHS = (
					"$(inherited)",
					"@executable_path/Frameworks",
				);
				MARKETING_VERSION = 1.0;
				PRODUCT_BUNDLE_IDENTIFIER = kangkangds.ExperimentalAgaree;
				PRODUCT_NAME = "$(TARGET_NAME)";
				SUPPORTED_PLATFORMS = "iphoneos iphonesimulator";
				SUPPORTS_MACCATALYST = NO;
				SUPPORTS_MAC_DESIGNED_FOR_IPHONE_IPAD = NO;
				SUPPORTS_XR_DESIGNED_FOR_IPHONE_IPAD = NO;
				SWIFT_EMIT_LOC_STRINGS = YES;
				SWIFT_OBJC_BRIDGING_HEADER = "ExperimentalAgaree/Prentation/GameScenes/GameResult/View/ExperimentalAgaree-Bridging-Header.h";
				SWIFT_OPTIMIZATION_LEVEL = "-Onone";
				SWIFT_VERSION = 5.0;
				TARGETED_DEVICE_FAMILY = 1;
			};
			name = Debug;
		};
		7E83FBD02C755B6300DF4DD7 /* Release */ = {
			isa = XCBuildConfiguration;
			buildSettings = {
				ASSETCATALOG_COMPILER_APPICON_NAME = AppIcon;
				ASSETCATALOG_COMPILER_GLOBAL_ACCENT_COLOR_NAME = AccentColor;
				CLANG_ENABLE_MODULES = YES;
				CODE_SIGN_STYLE = Automatic;
				CURRENT_PROJECT_VERSION = 1;
				DEVELOPMENT_TEAM = ZD5K45Y4NW;
				GENERATE_INFOPLIST_FILE = YES;
				INFOPLIST_FILE = ExperimentalAgaree/Info.plist;
				INFOPLIST_KEY_NSMicrophoneUsageDescription = "게임 진행을 위해 해당 디바이스의 마이크를 사용합니다.";
				INFOPLIST_KEY_NSSpeechRecognitionUsageDescription = "게임 진행을 위해 해당 디바이스의 스피치 기능을 사용합니다.";
				INFOPLIST_KEY_UIApplicationSupportsIndirectInputEvents = YES;
				INFOPLIST_KEY_UILaunchStoryboardName = LaunchScreen;
				INFOPLIST_KEY_UISupportedInterfaceOrientations = UIInterfaceOrientationPortrait;
				INFOPLIST_KEY_UISupportedInterfaceOrientations_iPad = "UIInterfaceOrientationLandscapeLeft UIInterfaceOrientationLandscapeRight UIInterfaceOrientationPortrait UIInterfaceOrientationPortraitUpsideDown";
				IPHONEOS_DEPLOYMENT_TARGET = 15.0;
				LD_RUNPATH_SEARCH_PATHS = (
					"$(inherited)",
					"@executable_path/Frameworks",
				);
				MARKETING_VERSION = 1.0;
				PRODUCT_BUNDLE_IDENTIFIER = kangkangds.ExperimentalAgaree;
				PRODUCT_NAME = "$(TARGET_NAME)";
				SUPPORTED_PLATFORMS = "iphoneos iphonesimulator";
				SUPPORTS_MACCATALYST = NO;
				SUPPORTS_MAC_DESIGNED_FOR_IPHONE_IPAD = NO;
				SUPPORTS_XR_DESIGNED_FOR_IPHONE_IPAD = NO;
				SWIFT_EMIT_LOC_STRINGS = YES;
				SWIFT_OBJC_BRIDGING_HEADER = "ExperimentalAgaree/Prentation/GameScenes/GameResult/View/ExperimentalAgaree-Bridging-Header.h";
				SWIFT_VERSION = 5.0;
				TARGETED_DEVICE_FAMILY = 1;
			};
			name = Release;
		};
		C1DFB2AF2C7E105E00011058 /* Debug */ = {
			isa = XCBuildConfiguration;
			buildSettings = {
				BUNDLE_LOADER = "$(TEST_HOST)";
				CODE_SIGN_STYLE = Automatic;
				CURRENT_PROJECT_VERSION = 1;
				DEVELOPMENT_TEAM = ZD5K45Y4NW;
				GENERATE_INFOPLIST_FILE = YES;
				IPHONEOS_DEPLOYMENT_TARGET = 15.0;
				MARKETING_VERSION = 1.0;
				PRODUCT_BUNDLE_IDENTIFIER = com.wonsang.ExperimentalAgareeTests;
				PRODUCT_NAME = "$(TARGET_NAME)";
				SUPPORTED_PLATFORMS = "iphoneos iphonesimulator";
				SUPPORTS_MACCATALYST = NO;
				SWIFT_EMIT_LOC_STRINGS = NO;
				SWIFT_VERSION = 5.0;
				TARGETED_DEVICE_FAMILY = 1;
				TEST_HOST = "$(BUILT_PRODUCTS_DIR)/ExperimentalAgaree.app/$(BUNDLE_EXECUTABLE_FOLDER_PATH)/ExperimentalAgaree";
			};
			name = Debug;
		};
		C1DFB2B02C7E105E00011058 /* Release */ = {
			isa = XCBuildConfiguration;
			buildSettings = {
				BUNDLE_LOADER = "$(TEST_HOST)";
				CODE_SIGN_STYLE = Automatic;
				CURRENT_PROJECT_VERSION = 1;
				DEVELOPMENT_TEAM = ZD5K45Y4NW;
				GENERATE_INFOPLIST_FILE = YES;
				IPHONEOS_DEPLOYMENT_TARGET = 15.0;
				MARKETING_VERSION = 1.0;
				PRODUCT_BUNDLE_IDENTIFIER = com.wonsang.ExperimentalAgareeTests;
				PRODUCT_NAME = "$(TARGET_NAME)";
				SUPPORTED_PLATFORMS = "iphoneos iphonesimulator";
				SUPPORTS_MACCATALYST = NO;
				SWIFT_EMIT_LOC_STRINGS = NO;
				SWIFT_VERSION = 5.0;
				TARGETED_DEVICE_FAMILY = 1;
				TEST_HOST = "$(BUILT_PRODUCTS_DIR)/ExperimentalAgaree.app/$(BUNDLE_EXECUTABLE_FOLDER_PATH)/ExperimentalAgaree";
			};
			name = Release;
		};
/* End XCBuildConfiguration section */

/* Begin XCConfigurationList section */
		7E83FBB52C755B6100DF4DD7 /* Build configuration list for PBXProject "ExperimentalAgaree" */ = {
			isa = XCConfigurationList;
			buildConfigurations = (
				7E83FBCC2C755B6300DF4DD7 /* Debug */,
				7E83FBCD2C755B6300DF4DD7 /* Release */,
			);
			defaultConfigurationIsVisible = 0;
			defaultConfigurationName = Release;
		};
		7E83FBCE2C755B6300DF4DD7 /* Build configuration list for PBXNativeTarget "ExperimentalAgaree" */ = {
			isa = XCConfigurationList;
			buildConfigurations = (
				7E83FBCF2C755B6300DF4DD7 /* Debug */,
				7E83FBD02C755B6300DF4DD7 /* Release */,
			);
			defaultConfigurationIsVisible = 0;
			defaultConfigurationName = Release;
		};
		C1DFB2B12C7E105E00011058 /* Build configuration list for PBXNativeTarget "ExperimentalAgareeTests" */ = {
			isa = XCConfigurationList;
			buildConfigurations = (
				C1DFB2AF2C7E105E00011058 /* Debug */,
				C1DFB2B02C7E105E00011058 /* Release */,
			);
			defaultConfigurationIsVisible = 0;
			defaultConfigurationName = Release;
		};
/* End XCConfigurationList section */

/* Begin XCSwiftPackageProductDependency section */
		7E445B0B2CF5430C00A26731 /* AsyncNetworkRequest */ = {
			isa = XCSwiftPackageProductDependency;
			productName = AsyncNetworkRequest;
		};
		7E5633422CF00B9400D13013 /* CommonNetworkModel */ = {
			isa = XCSwiftPackageProductDependency;
			productName = CommonNetworkModel;
		};
/* End XCSwiftPackageProductDependency section */
	};
	rootObject = 7E83FBB22C755B6100DF4DD7 /* Project object */;
}
