// !$*UTF8*$!
{
	archiveVersion = 1;
	classes = {
	};
	objectVersion = 56;
	objects = {

/* Begin PBXBuildFile section */
		7E41A1C22C8E6C55006060A3 /* NetworkConfigurableMock.swift in Sources */ = {isa = PBXBuildFile; fileRef = 7E41A1C12C8E6C55006060A3 /* NetworkConfigurableMock.swift */; };
		7E41A1C42C8E6F90006060A3 /* NetworkSessionManagerMock.swift in Sources */ = {isa = PBXBuildFile; fileRef = 7E41A1C32C8E6F90006060A3 /* NetworkSessionManagerMock.swift */; };
		7E41A1C62C8E7074006060A3 /* NetworkServiceTest.swift in Sources */ = {isa = PBXBuildFile; fileRef = 7E41A1C52C8E7074006060A3 /* NetworkServiceTest.swift */; };
		7E42F7592C8AB1B600C760C9 /* FetchGameModelUseCase.swift in Sources */ = {isa = PBXBuildFile; fileRef = 7E42F7582C8AB1B600C760C9 /* FetchGameModelUseCase.swift */; };
		7E60BD312C76B3CE0070BA0A /* DataTransferService.swift in Sources */ = {isa = PBXBuildFile; fileRef = 7E60BD302C76B3CE0070BA0A /* DataTransferService.swift */; };
		7E7B165D2C7D42D300632CBB /* Observable.swift in Sources */ = {isa = PBXBuildFile; fileRef = 7E7B165C2C7D42D300632CBB /* Observable.swift */; };
		7E7B165F2C7D455C00632CBB /* LoadingView.swift in Sources */ = {isa = PBXBuildFile; fileRef = 7E7B165E2C7D455C00632CBB /* LoadingView.swift */; };
		7E7B16622C7D4BC000632CBB /* Alertable.swift in Sources */ = {isa = PBXBuildFile; fileRef = 7E7B16612C7D4BC000632CBB /* Alertable.swift */; };
		7E7B16642C7D4C4200632CBB /* ExtensionBase.swift in Sources */ = {isa = PBXBuildFile; fileRef = 7E7B16632C7D4C4200632CBB /* ExtensionBase.swift */; };
		7E7B16672C7D4E5C00632CBB /* UIVC + AddBehaviors.swift in Sources */ = {isa = PBXBuildFile; fileRef = 7E7B16662C7D4E5C00632CBB /* UIVC + AddBehaviors.swift */; };
		7E83FBBE2C755B6100DF4DD7 /* AppDelegate.swift in Sources */ = {isa = PBXBuildFile; fileRef = 7E83FBBD2C755B6100DF4DD7 /* AppDelegate.swift */; };
		7E83FBC02C755B6100DF4DD7 /* SceneDelegate.swift in Sources */ = {isa = PBXBuildFile; fileRef = 7E83FBBF2C755B6100DF4DD7 /* SceneDelegate.swift */; };
		7E83FBC22C755B6100DF4DD7 /* ViewController.swift in Sources */ = {isa = PBXBuildFile; fileRef = 7E83FBC12C755B6100DF4DD7 /* ViewController.swift */; };
		7E83FBC52C755B6100DF4DD7 /* Main.storyboard in Resources */ = {isa = PBXBuildFile; fileRef = 7E83FBC32C755B6100DF4DD7 /* Main.storyboard */; };
		7E83FBC72C755B6300DF4DD7 /* Assets.xcassets in Resources */ = {isa = PBXBuildFile; fileRef = 7E83FBC62C755B6300DF4DD7 /* Assets.xcassets */; };
		7E83FBD62C755CE900DF4DD7 /* NetworkConfig.swift in Sources */ = {isa = PBXBuildFile; fileRef = 7E83FBD52C755CE900DF4DD7 /* NetworkConfig.swift */; };
		7E83FBD82C755DB600DF4DD7 /* Endpoint.swift in Sources */ = {isa = PBXBuildFile; fileRef = 7E83FBD72C755DB600DF4DD7 /* Endpoint.swift */; };
		7E83FBDA2C759A1D00DF4DD7 /* NetworkService.swift in Sources */ = {isa = PBXBuildFile; fileRef = 7E83FBD92C759A1D00DF4DD7 /* NetworkService.swift */; };
		7E8DB8D92C7BF85000D9B9F0 /* TimerRepository.swift in Sources */ = {isa = PBXBuildFile; fileRef = 7E8DB8D82C7BF85000D9B9F0 /* TimerRepository.swift */; };
		C1C692DD2C7A08B500EF0C45 /* GamesRepository.swift in Sources */ = {isa = PBXBuildFile; fileRef = C1C692DC2C7A08B500EF0C45 /* GamesRepository.swift */; };
		C1C692E02C7A0A0B00EF0C45 /* GameModelList.swift in Sources */ = {isa = PBXBuildFile; fileRef = C1C692DF2C7A0A0B00EF0C45 /* GameModelList.swift */; };
		C1C692E52C7A0FF000EF0C45 /* Cancellable.swift in Sources */ = {isa = PBXBuildFile; fileRef = C1C692E42C7A0FF000EF0C45 /* Cancellable.swift */; };
		C1DFB2A22C7DEBB000011058 /* STTRepository.swift in Sources */ = {isa = PBXBuildFile; fileRef = C1DFB2A12C7DEBB000011058 /* STTRepository.swift */; };
		C1DFB2A42C7DED1200011058 /* SttModel.swift in Sources */ = {isa = PBXBuildFile; fileRef = C1DFB2A32C7DED1200011058 /* SttModel.swift */; };
		C1DFB2AC2C7E105E00011058 /* ExperimentalAgareeTests.swift in Sources */ = {isa = PBXBuildFile; fileRef = C1DFB2AB2C7E105E00011058 /* ExperimentalAgareeTests.swift */; };
		C1DFB2B52C80AC5500011058 /* TimerConfiguration.swift in Sources */ = {isa = PBXBuildFile; fileRef = C1DFB2B42C80AC5500011058 /* TimerConfiguration.swift */; };
		C1DFB2B72C80ACB200011058 /* TimerSerivice.swift in Sources */ = {isa = PBXBuildFile; fileRef = C1DFB2B62C80ACB200011058 /* TimerSerivice.swift */; };
		C1DFB2BE2C82F97D00011058 /* AudioEngineService.swift in Sources */ = {isa = PBXBuildFile; fileRef = C1DFB2BD2C82F97D00011058 /* AudioEngineService.swift */; };
		C1DFB2C02C84239200011058 /* SpeechService.swift in Sources */ = {isa = PBXBuildFile; fileRef = C1DFB2BF2C84239200011058 /* SpeechService.swift */; };
		C1DFB2C22C85DCE300011058 /* GameTimeInfo.swift in Sources */ = {isa = PBXBuildFile; fileRef = C1DFB2C12C85DCE300011058 /* GameTimeInfo.swift */; };
		C1DFB2C72C85E3F300011058 /* RepositoryTask.swift in Sources */ = {isa = PBXBuildFile; fileRef = C1DFB2C62C85E3F300011058 /* RepositoryTask.swift */; };
		C1DFB2CA2C85E58300011058 /* APIEndpoints.swift in Sources */ = {isa = PBXBuildFile; fileRef = C1DFB2C92C85E58300011058 /* APIEndpoints.swift */; };
		C1DFB2D02C87478600011058 /* GameType.swift in Sources */ = {isa = PBXBuildFile; fileRef = C1DFB2CF2C87478600011058 /* GameType.swift */; };
		C1DFB2D42C8BC9DC00011058 /* GameResponseDTO.swift in Sources */ = {isa = PBXBuildFile; fileRef = C1DFB2D22C8BC9DC00011058 /* GameResponseDTO.swift */; };
		C1DFB2D52C8BC9DC00011058 /* GameRequestDTO.swift in Sources */ = {isa = PBXBuildFile; fileRef = C1DFB2D32C8BC9DC00011058 /* GameRequestDTO.swift */; };
		C1DFB2D82C8C138400011058 /* DefaultGamesRepository.swift in Sources */ = {isa = PBXBuildFile; fileRef = C1DFB2D72C8C138400011058 /* DefaultGamesRepository.swift */; };
		C1DFB2DD2C8F1B0200011058 /* AppInfo.plist in Resources */ = {isa = PBXBuildFile; fileRef = C1DFB2DC2C8F1B0200011058 /* AppInfo.plist */; };
/* End PBXBuildFile section */

/* Begin PBXContainerItemProxy section */
		C1DFB2AD2C7E105E00011058 /* PBXContainerItemProxy */ = {
			isa = PBXContainerItemProxy;
			containerPortal = 7E83FBB22C755B6100DF4DD7 /* Project object */;
			proxyType = 1;
			remoteGlobalIDString = 7E83FBB92C755B6100DF4DD7;
			remoteInfo = ExperimentalAgaree;
		};
/* End PBXContainerItemProxy section */

/* Begin PBXFileReference section */
		7E41A1C12C8E6C55006060A3 /* NetworkConfigurableMock.swift */ = {isa = PBXFileReference; lastKnownFileType = sourcecode.swift; path = NetworkConfigurableMock.swift; sourceTree = "<group>"; };
		7E41A1C32C8E6F90006060A3 /* NetworkSessionManagerMock.swift */ = {isa = PBXFileReference; lastKnownFileType = sourcecode.swift; path = NetworkSessionManagerMock.swift; sourceTree = "<group>"; };
		7E41A1C52C8E7074006060A3 /* NetworkServiceTest.swift */ = {isa = PBXFileReference; lastKnownFileType = sourcecode.swift; path = NetworkServiceTest.swift; sourceTree = "<group>"; };
		7E42F7582C8AB1B600C760C9 /* FetchGameModelUseCase.swift */ = {isa = PBXFileReference; lastKnownFileType = sourcecode.swift; path = FetchGameModelUseCase.swift; sourceTree = "<group>"; };
		7E60BD302C76B3CE0070BA0A /* DataTransferService.swift */ = {isa = PBXFileReference; lastKnownFileType = sourcecode.swift; path = DataTransferService.swift; sourceTree = "<group>"; };
		7E7B165C2C7D42D300632CBB /* Observable.swift */ = {isa = PBXFileReference; lastKnownFileType = sourcecode.swift; path = Observable.swift; sourceTree = "<group>"; };
		7E7B165E2C7D455C00632CBB /* LoadingView.swift */ = {isa = PBXFileReference; lastKnownFileType = sourcecode.swift; path = LoadingView.swift; sourceTree = "<group>"; };
		7E7B16612C7D4BC000632CBB /* Alertable.swift */ = {isa = PBXFileReference; lastKnownFileType = sourcecode.swift; path = Alertable.swift; sourceTree = "<group>"; };
		7E7B16632C7D4C4200632CBB /* ExtensionBase.swift */ = {isa = PBXFileReference; lastKnownFileType = sourcecode.swift; path = ExtensionBase.swift; sourceTree = "<group>"; };
		7E7B16662C7D4E5C00632CBB /* UIVC + AddBehaviors.swift */ = {isa = PBXFileReference; lastKnownFileType = sourcecode.swift; path = "UIVC + AddBehaviors.swift"; sourceTree = "<group>"; };
		7E83FBBA2C755B6100DF4DD7 /* ExperimentalAgaree.app */ = {isa = PBXFileReference; explicitFileType = wrapper.application; includeInIndex = 0; path = ExperimentalAgaree.app; sourceTree = BUILT_PRODUCTS_DIR; };
		7E83FBBD2C755B6100DF4DD7 /* AppDelegate.swift */ = {isa = PBXFileReference; lastKnownFileType = sourcecode.swift; path = AppDelegate.swift; sourceTree = "<group>"; };
		7E83FBBF2C755B6100DF4DD7 /* SceneDelegate.swift */ = {isa = PBXFileReference; lastKnownFileType = sourcecode.swift; path = SceneDelegate.swift; sourceTree = "<group>"; };
		7E83FBC12C755B6100DF4DD7 /* ViewController.swift */ = {isa = PBXFileReference; lastKnownFileType = sourcecode.swift; path = ViewController.swift; sourceTree = "<group>"; };
		7E83FBC42C755B6100DF4DD7 /* Base */ = {isa = PBXFileReference; lastKnownFileType = file.storyboard; name = Base; path = Base.lproj/Main.storyboard; sourceTree = "<group>"; };
		7E83FBC62C755B6300DF4DD7 /* Assets.xcassets */ = {isa = PBXFileReference; lastKnownFileType = folder.assetcatalog; path = Assets.xcassets; sourceTree = "<group>"; };
		7E83FBCB2C755B6300DF4DD7 /* Info.plist */ = {isa = PBXFileReference; lastKnownFileType = text.plist.xml; path = Info.plist; sourceTree = "<group>"; };
		7E83FBD52C755CE900DF4DD7 /* NetworkConfig.swift */ = {isa = PBXFileReference; lastKnownFileType = sourcecode.swift; path = NetworkConfig.swift; sourceTree = "<group>"; };
		7E83FBD72C755DB600DF4DD7 /* Endpoint.swift */ = {isa = PBXFileReference; lastKnownFileType = sourcecode.swift; path = Endpoint.swift; sourceTree = "<group>"; };
		7E83FBD92C759A1D00DF4DD7 /* NetworkService.swift */ = {isa = PBXFileReference; lastKnownFileType = sourcecode.swift; path = NetworkService.swift; sourceTree = "<group>"; };
		7E8DB8D82C7BF85000D9B9F0 /* TimerRepository.swift */ = {isa = PBXFileReference; lastKnownFileType = sourcecode.swift; path = TimerRepository.swift; sourceTree = "<group>"; };
		C1C692DC2C7A08B500EF0C45 /* GamesRepository.swift */ = {isa = PBXFileReference; lastKnownFileType = sourcecode.swift; path = GamesRepository.swift; sourceTree = "<group>"; };
		C1C692DF2C7A0A0B00EF0C45 /* GameModelList.swift */ = {isa = PBXFileReference; lastKnownFileType = sourcecode.swift; path = GameModelList.swift; sourceTree = "<group>"; };
		C1C692E42C7A0FF000EF0C45 /* Cancellable.swift */ = {isa = PBXFileReference; lastKnownFileType = sourcecode.swift; path = Cancellable.swift; sourceTree = "<group>"; };
		C1DFB2A12C7DEBB000011058 /* STTRepository.swift */ = {isa = PBXFileReference; lastKnownFileType = sourcecode.swift; path = STTRepository.swift; sourceTree = "<group>"; };
		C1DFB2A32C7DED1200011058 /* SttModel.swift */ = {isa = PBXFileReference; lastKnownFileType = sourcecode.swift; path = SttModel.swift; sourceTree = "<group>"; };
		C1DFB2A92C7E105E00011058 /* ExperimentalAgareeTests.xctest */ = {isa = PBXFileReference; explicitFileType = wrapper.cfbundle; includeInIndex = 0; path = ExperimentalAgareeTests.xctest; sourceTree = BUILT_PRODUCTS_DIR; };
		C1DFB2AB2C7E105E00011058 /* ExperimentalAgareeTests.swift */ = {isa = PBXFileReference; lastKnownFileType = sourcecode.swift; path = ExperimentalAgareeTests.swift; sourceTree = "<group>"; };
		C1DFB2B42C80AC5500011058 /* TimerConfiguration.swift */ = {isa = PBXFileReference; lastKnownFileType = sourcecode.swift; path = TimerConfiguration.swift; sourceTree = "<group>"; };
		C1DFB2B62C80ACB200011058 /* TimerSerivice.swift */ = {isa = PBXFileReference; lastKnownFileType = sourcecode.swift; path = TimerSerivice.swift; sourceTree = "<group>"; };
		C1DFB2BD2C82F97D00011058 /* AudioEngineService.swift */ = {isa = PBXFileReference; lastKnownFileType = sourcecode.swift; path = AudioEngineService.swift; sourceTree = "<group>"; };
		C1DFB2BF2C84239200011058 /* SpeechService.swift */ = {isa = PBXFileReference; lastKnownFileType = sourcecode.swift; path = SpeechService.swift; sourceTree = "<group>"; };
		C1DFB2C12C85DCE300011058 /* GameTimeInfo.swift */ = {isa = PBXFileReference; lastKnownFileType = sourcecode.swift; path = GameTimeInfo.swift; sourceTree = "<group>"; };
		C1DFB2C62C85E3F300011058 /* RepositoryTask.swift */ = {isa = PBXFileReference; lastKnownFileType = sourcecode.swift; path = RepositoryTask.swift; sourceTree = "<group>"; };
		C1DFB2C92C85E58300011058 /* APIEndpoints.swift */ = {isa = PBXFileReference; lastKnownFileType = sourcecode.swift; path = APIEndpoints.swift; sourceTree = "<group>"; };
		C1DFB2CF2C87478600011058 /* GameType.swift */ = {isa = PBXFileReference; lastKnownFileType = sourcecode.swift; path = GameType.swift; sourceTree = "<group>"; };
		C1DFB2D22C8BC9DC00011058 /* GameResponseDTO.swift */ = {isa = PBXFileReference; fileEncoding = 4; lastKnownFileType = sourcecode.swift; name = GameResponseDTO.swift; path = ExperimentalAgaree/Data/Network/GameResponseDTO.swift; sourceTree = SOURCE_ROOT; };
		C1DFB2D32C8BC9DC00011058 /* GameRequestDTO.swift */ = {isa = PBXFileReference; fileEncoding = 4; lastKnownFileType = sourcecode.swift; name = GameRequestDTO.swift; path = ExperimentalAgaree/Data/Network/GameRequestDTO.swift; sourceTree = SOURCE_ROOT; };
		C1DFB2D72C8C138400011058 /* DefaultGamesRepository.swift */ = {isa = PBXFileReference; lastKnownFileType = sourcecode.swift; path = DefaultGamesRepository.swift; sourceTree = "<group>"; };
		C1DFB2D92C8C499800011058 /* Todo.md */ = {isa = PBXFileReference; lastKnownFileType = net.daringfireball.markdown; path = Todo.md; sourceTree = "<group>"; };
		C1DFB2DC2C8F1B0200011058 /* AppInfo.plist */ = {isa = PBXFileReference; lastKnownFileType = text.plist.xml; path = AppInfo.plist; sourceTree = "<group>"; };
/* End PBXFileReference section */

/* Begin PBXFrameworksBuildPhase section */
		7E83FBB72C755B6100DF4DD7 /* Frameworks */ = {
			isa = PBXFrameworksBuildPhase;
			buildActionMask = 2147483647;
			files = (
			);
			runOnlyForDeploymentPostprocessing = 0;
		};
		C1DFB2A62C7E105E00011058 /* Frameworks */ = {
			isa = PBXFrameworksBuildPhase;
			buildActionMask = 2147483647;
			files = (
			);
			runOnlyForDeploymentPostprocessing = 0;
		};
/* End PBXFrameworksBuildPhase section */

/* Begin PBXGroup section */
		7E41A1BC2C8E6BC1006060A3 /* Infrastructure */ = {
			isa = PBXGroup;
			children = (
				7E41A1BD2C8E6BD4006060A3 /* Network */,
			);
			path = Infrastructure;
			sourceTree = "<group>";
		};
		7E41A1BD2C8E6BD4006060A3 /* Network */ = {
			isa = PBXGroup;
			children = (
				7E41A1C02C8E6C45006060A3 /* Mock */,
				7E41A1C52C8E7074006060A3 /* NetworkServiceTest.swift */,
			);
			path = Network;
			sourceTree = "<group>";
		};
		7E41A1C02C8E6C45006060A3 /* Mock */ = {
			isa = PBXGroup;
			children = (
				7E41A1C12C8E6C55006060A3 /* NetworkConfigurableMock.swift */,
				7E41A1C32C8E6F90006060A3 /* NetworkSessionManagerMock.swift */,
			);
			path = Mock;
			sourceTree = "<group>";
		};
		7E7B165A2C7D40E800632CBB /* Prentation */ = {
			isa = PBXGroup;
			children = (
				7E7B16652C7D4E2700632CBB /* Extensions */,
				7E7B16602C7D4AF200632CBB /* Protocols */,
				7E7B165B2C7D410200632CBB /* Utils */,
			);
			path = Prentation;
			sourceTree = "<group>";
		};
		7E7B165B2C7D410200632CBB /* Utils */ = {
			isa = PBXGroup;
			children = (
				7E7B165C2C7D42D300632CBB /* Observable.swift */,
				7E7B165E2C7D455C00632CBB /* LoadingView.swift */,
			);
			path = Utils;
			sourceTree = "<group>";
		};
		7E7B16602C7D4AF200632CBB /* Protocols */ = {
			isa = PBXGroup;
			children = (
				7E7B16612C7D4BC000632CBB /* Alertable.swift */,
				7E7B16632C7D4C4200632CBB /* ExtensionBase.swift */,
			);
			path = Protocols;
			sourceTree = "<group>";
		};
		7E7B16652C7D4E2700632CBB /* Extensions */ = {
			isa = PBXGroup;
			children = (
				7E7B16662C7D4E5C00632CBB /* UIVC + AddBehaviors.swift */,
			);
			path = Extensions;
			sourceTree = "<group>";
		};
		7E83FBB12C755B6100DF4DD7 = {
			isa = PBXGroup;
			children = (
				7E83FBBC2C755B6100DF4DD7 /* ExperimentalAgaree */,
				C1DFB2AA2C7E105E00011058 /* ExperimentalAgareeTests */,
				7E83FBBB2C755B6100DF4DD7 /* Products */,
			);
			sourceTree = "<group>";
		};
		7E83FBBB2C755B6100DF4DD7 /* Products */ = {
			isa = PBXGroup;
			children = (
				7E83FBBA2C755B6100DF4DD7 /* ExperimentalAgaree.app */,
				C1DFB2A92C7E105E00011058 /* ExperimentalAgareeTests.xctest */,
			);
			name = Products;
			sourceTree = "<group>";
		};
		7E83FBBC2C755B6100DF4DD7 /* ExperimentalAgaree */ = {
			isa = PBXGroup;
			children = (
				C1DFB2DB2C8F1AD400011058 /* Etc */,
				7E7B165A2C7D40E800632CBB /* Prentation */,
				C1C692E32C7A0FEA00EF0C45 /* Common */,
				C1C692DA2C7A078200EF0C45 /* Data */,
				C1C692D92C7A077900EF0C45 /* Domain */,
				7E83FBD32C755CB900DF4DD7 /* Infrastructure */,
				7E83FBD12C755B6D00DF4DD7 /* Application */,
				7E83FBC12C755B6100DF4DD7 /* ViewController.swift */,
				7E83FBC32C755B6100DF4DD7 /* Main.storyboard */,
				7E83FBC62C755B6300DF4DD7 /* Assets.xcassets */,
				7E83FBCB2C755B6300DF4DD7 /* Info.plist */,
				C1DFB2D92C8C499800011058 /* Todo.md */,
			);
			path = ExperimentalAgaree;
			sourceTree = "<group>";
		};
		7E83FBD12C755B6D00DF4DD7 /* Application */ = {
			isa = PBXGroup;
			children = (
				7E83FBD22C755CB500DF4DD7 /* New Group */,
				7E83FBBD2C755B6100DF4DD7 /* AppDelegate.swift */,
				7E83FBBF2C755B6100DF4DD7 /* SceneDelegate.swift */,
			);
			path = Application;
			sourceTree = "<group>";
		};
		7E83FBD22C755CB500DF4DD7 /* New Group */ = {
			isa = PBXGroup;
			children = (
			);
			path = "New Group";
			sourceTree = "<group>";
		};
		7E83FBD32C755CB900DF4DD7 /* Infrastructure */ = {
			isa = PBXGroup;
			children = (
				C1DFB2B82C82246100011058 /* STT */,
				C1DFB2B32C80ABE000011058 /* Timer */,
				7E83FBD42C755CD400DF4DD7 /* Network */,
			);
			path = Infrastructure;
			sourceTree = "<group>";
		};
		7E83FBD42C755CD400DF4DD7 /* Network */ = {
			isa = PBXGroup;
			children = (
				7E83FBD52C755CE900DF4DD7 /* NetworkConfig.swift */,
				7E83FBD72C755DB600DF4DD7 /* Endpoint.swift */,
				7E83FBD92C759A1D00DF4DD7 /* NetworkService.swift */,
				7E60BD302C76B3CE0070BA0A /* DataTransferService.swift */,
			);
			path = Network;
			sourceTree = "<group>";
		};
		7E8DB8DD2C7BFF8A00D9B9F0 /* GuessWhoGame */ = {
			isa = PBXGroup;
			children = (
				7E42F7582C8AB1B600C760C9 /* FetchGameModelUseCase.swift */,
			);
			path = GuessWhoGame;
			sourceTree = "<group>";
		};
		C1C692D92C7A077900EF0C45 /* Domain */ = {
			isa = PBXGroup;
			children = (
				C1DFB29E2C7A204C00011058 /* UseCases */,
				C1C692DE2C7A0A0100EF0C45 /* Entities */,
				C1C692DB2C7A078600EF0C45 /* Interfaces */,
			);
			path = Domain;
			sourceTree = "<group>";
		};
		C1C692DA2C7A078200EF0C45 /* Data */ = {
			isa = PBXGroup;
			children = (
				C1DFB2D62C8C10F000011058 /* Repositories */,
				C1DFB2D12C8BC9B900011058 /* DataMapping */,
				C1DFB2C82C85E57000011058 /* Network */,
				C1DFB2C52C85E3E900011058 /* Utils */,
			);
			path = Data;
			sourceTree = "<group>";
		};
		C1C692DB2C7A078600EF0C45 /* Interfaces */ = {
			isa = PBXGroup;
			children = (
				C1C692DC2C7A08B500EF0C45 /* GamesRepository.swift */,
				7E8DB8D82C7BF85000D9B9F0 /* TimerRepository.swift */,
				C1DFB2A12C7DEBB000011058 /* STTRepository.swift */,
			);
			path = Interfaces;
			sourceTree = "<group>";
		};
		C1C692DE2C7A0A0100EF0C45 /* Entities */ = {
			isa = PBXGroup;
			children = (
				C1C692DF2C7A0A0B00EF0C45 /* GameModelList.swift */,
				C1DFB2C12C85DCE300011058 /* GameTimeInfo.swift */,
				C1DFB2A32C7DED1200011058 /* SttModel.swift */,
			);
			path = Entities;
			sourceTree = "<group>";
		};
		C1C692E32C7A0FEA00EF0C45 /* Common */ = {
			isa = PBXGroup;
			children = (
				C1C692E42C7A0FF000EF0C45 /* Cancellable.swift */,
				C1DFB2CF2C87478600011058 /* GameType.swift */,
			);
			path = Common;
			sourceTree = "<group>";
		};
		C1DFB29E2C7A204C00011058 /* UseCases */ = {
			isa = PBXGroup;
			children = (
				7E8DB8DD2C7BFF8A00D9B9F0 /* GuessWhoGame */,
			);
			path = UseCases;
			sourceTree = "<group>";
		};
		C1DFB2AA2C7E105E00011058 /* ExperimentalAgareeTests */ = {
			isa = PBXGroup;
			children = (
				7E41A1BC2C8E6BC1006060A3 /* Infrastructure */,
				C1DFB2DA2C8C939200011058 /* Domain */,
				C1DFB2AB2C7E105E00011058 /* ExperimentalAgareeTests.swift */,
			);
			path = ExperimentalAgareeTests;
			sourceTree = "<group>";
		};
		C1DFB2B32C80ABE000011058 /* Timer */ = {
			isa = PBXGroup;
			children = (
				C1DFB2B42C80AC5500011058 /* TimerConfiguration.swift */,
				C1DFB2B62C80ACB200011058 /* TimerSerivice.swift */,
			);
			path = Timer;
			sourceTree = "<group>";
		};
		C1DFB2B82C82246100011058 /* STT */ = {
			isa = PBXGroup;
			children = (
				C1DFB2BD2C82F97D00011058 /* AudioEngineService.swift */,
				C1DFB2BF2C84239200011058 /* SpeechService.swift */,
			);
			path = STT;
			sourceTree = "<group>";
		};
		C1DFB2C52C85E3E900011058 /* Utils */ = {
			isa = PBXGroup;
			children = (
				C1DFB2C62C85E3F300011058 /* RepositoryTask.swift */,
			);
			path = Utils;
			sourceTree = "<group>";
		};
		C1DFB2C82C85E57000011058 /* Network */ = {
			isa = PBXGroup;
			children = (
				C1DFB2C92C85E58300011058 /* APIEndpoints.swift */,
			);
			path = Network;
			sourceTree = "<group>";
		};
		C1DFB2D12C8BC9B900011058 /* DataMapping */ = {
			isa = PBXGroup;
			children = (
				C1DFB2D32C8BC9DC00011058 /* GameRequestDTO.swift */,
				C1DFB2D22C8BC9DC00011058 /* GameResponseDTO.swift */,
			);
			path = DataMapping;
			sourceTree = "<group>";
		};
		C1DFB2D62C8C10F000011058 /* Repositories */ = {
			isa = PBXGroup;
			children = (
				C1DFB2D72C8C138400011058 /* DefaultGamesRepository.swift */,
			);
			path = Repositories;
			sourceTree = "<group>";
		};
		C1DFB2DA2C8C939200011058 /* Domain */ = {
			isa = PBXGroup;
			children = (
			);
			path = Domain;
			sourceTree = "<group>";
		};
		C1DFB2DB2C8F1AD400011058 /* Etc */ = {
			isa = PBXGroup;
			children = (
				C1DFB2DC2C8F1B0200011058 /* AppInfo.plist */,
			);
			path = Etc;
			sourceTree = "<group>";
		};
/* End PBXGroup section */

/* Begin PBXNativeTarget section */
		7E83FBB92C755B6100DF4DD7 /* ExperimentalAgaree */ = {
			isa = PBXNativeTarget;
			buildConfigurationList = 7E83FBCE2C755B6300DF4DD7 /* Build configuration list for PBXNativeTarget "ExperimentalAgaree" */;
			buildPhases = (
				7E83FBB62C755B6100DF4DD7 /* Sources */,
				7E83FBB72C755B6100DF4DD7 /* Frameworks */,
				7E83FBB82C755B6100DF4DD7 /* Resources */,
			);
			buildRules = (
			);
			dependencies = (
			);
			name = ExperimentalAgaree;
			productName = ExperimentalAgaree;
			productReference = 7E83FBBA2C755B6100DF4DD7 /* ExperimentalAgaree.app */;
			productType = "com.apple.product-type.application";
		};
		C1DFB2A82C7E105E00011058 /* ExperimentalAgareeTests */ = {
			isa = PBXNativeTarget;
			buildConfigurationList = C1DFB2B12C7E105E00011058 /* Build configuration list for PBXNativeTarget "ExperimentalAgareeTests" */;
			buildPhases = (
				C1DFB2A52C7E105E00011058 /* Sources */,
				C1DFB2A62C7E105E00011058 /* Frameworks */,
				C1DFB2A72C7E105E00011058 /* Resources */,
			);
			buildRules = (
			);
			dependencies = (
				C1DFB2AE2C7E105E00011058 /* PBXTargetDependency */,
			);
			name = ExperimentalAgareeTests;
			productName = ExperimentalAgareeTests;
			productReference = C1DFB2A92C7E105E00011058 /* ExperimentalAgareeTests.xctest */;
			productType = "com.apple.product-type.bundle.unit-test";
		};
/* End PBXNativeTarget section */

/* Begin PBXProject section */
		7E83FBB22C755B6100DF4DD7 /* Project object */ = {
			isa = PBXProject;
			attributes = {
				BuildIndependentTargetsInParallel = 1;
				LastSwiftUpdateCheck = 1540;
				LastUpgradeCheck = 1500;
				TargetAttributes = {
					7E83FBB92C755B6100DF4DD7 = {
						CreatedOnToolsVersion = 15.0.1;
					};
					C1DFB2A82C7E105E00011058 = {
						CreatedOnToolsVersion = 15.4;
						TestTargetID = 7E83FBB92C755B6100DF4DD7;
					};
				};
			};
			buildConfigurationList = 7E83FBB52C755B6100DF4DD7 /* Build configuration list for PBXProject "ExperimentalAgaree" */;
			compatibilityVersion = "Xcode 14.0";
			developmentRegion = en;
			hasScannedForEncodings = 0;
			knownRegions = (
				en,
				Base,
			);
			mainGroup = 7E83FBB12C755B6100DF4DD7;
			productRefGroup = 7E83FBBB2C755B6100DF4DD7 /* Products */;
			projectDirPath = "";
			projectRoot = "";
			targets = (
				7E83FBB92C755B6100DF4DD7 /* ExperimentalAgaree */,
				C1DFB2A82C7E105E00011058 /* ExperimentalAgareeTests */,
			);
		};
/* End PBXProject section */

/* Begin PBXResourcesBuildPhase section */
		7E83FBB82C755B6100DF4DD7 /* Resources */ = {
			isa = PBXResourcesBuildPhase;
			buildActionMask = 2147483647;
			files = (
				C1DFB2DD2C8F1B0200011058 /* AppInfo.plist in Resources */,
				7E83FBC72C755B6300DF4DD7 /* Assets.xcassets in Resources */,
				7E83FBC52C755B6100DF4DD7 /* Main.storyboard in Resources */,
			);
			runOnlyForDeploymentPostprocessing = 0;
		};
		C1DFB2A72C7E105E00011058 /* Resources */ = {
			isa = PBXResourcesBuildPhase;
			buildActionMask = 2147483647;
			files = (
			);
			runOnlyForDeploymentPostprocessing = 0;
		};
/* End PBXResourcesBuildPhase section */

/* Begin PBXSourcesBuildPhase section */
		7E83FBB62C755B6100DF4DD7 /* Sources */ = {
			isa = PBXSourcesBuildPhase;
			buildActionMask = 2147483647;
			files = (
				7E60BD312C76B3CE0070BA0A /* DataTransferService.swift in Sources */,
				7E7B165D2C7D42D300632CBB /* Observable.swift in Sources */,
				7E8DB8D92C7BF85000D9B9F0 /* TimerRepository.swift in Sources */,
				7E83FBC22C755B6100DF4DD7 /* ViewController.swift in Sources */,
				C1DFB2B52C80AC5500011058 /* TimerConfiguration.swift in Sources */,
				C1DFB2D52C8BC9DC00011058 /* GameRequestDTO.swift in Sources */,
				C1DFB2D02C87478600011058 /* GameType.swift in Sources */,
				C1DFB2A22C7DEBB000011058 /* STTRepository.swift in Sources */,
				C1DFB2BE2C82F97D00011058 /* AudioEngineService.swift in Sources */,
				7E7B16672C7D4E5C00632CBB /* UIVC + AddBehaviors.swift in Sources */,
				7E7B165F2C7D455C00632CBB /* LoadingView.swift in Sources */,
				7E7B16642C7D4C4200632CBB /* ExtensionBase.swift in Sources */,
				C1C692E02C7A0A0B00EF0C45 /* GameModelList.swift in Sources */,
				C1DFB2D42C8BC9DC00011058 /* GameResponseDTO.swift in Sources */,
				7E83FBBE2C755B6100DF4DD7 /* AppDelegate.swift in Sources */,
				C1DFB2D82C8C138400011058 /* DefaultGamesRepository.swift in Sources */,
				7E83FBDA2C759A1D00DF4DD7 /* NetworkService.swift in Sources */,
				7E83FBD62C755CE900DF4DD7 /* NetworkConfig.swift in Sources */,
				C1C692E52C7A0FF000EF0C45 /* Cancellable.swift in Sources */,
				C1DFB2C02C84239200011058 /* SpeechService.swift in Sources */,
				7E42F7592C8AB1B600C760C9 /* FetchGameModelUseCase.swift in Sources */,
				7E7B16622C7D4BC000632CBB /* Alertable.swift in Sources */,
				C1DFB2CA2C85E58300011058 /* APIEndpoints.swift in Sources */,
				C1C692DD2C7A08B500EF0C45 /* GamesRepository.swift in Sources */,
				C1DFB2C22C85DCE300011058 /* GameTimeInfo.swift in Sources */,
				C1DFB2C72C85E3F300011058 /* RepositoryTask.swift in Sources */,
				C1DFB2B72C80ACB200011058 /* TimerSerivice.swift in Sources */,
				C1DFB2A42C7DED1200011058 /* SttModel.swift in Sources */,
				7E83FBC02C755B6100DF4DD7 /* SceneDelegate.swift in Sources */,
				7E83FBD82C755DB600DF4DD7 /* Endpoint.swift in Sources */,
			);
			runOnlyForDeploymentPostprocessing = 0;
		};
		C1DFB2A52C7E105E00011058 /* Sources */ = {
			isa = PBXSourcesBuildPhase;
			buildActionMask = 2147483647;
			files = (
				C1DFB2AC2C7E105E00011058 /* ExperimentalAgareeTests.swift in Sources */,
				7E41A1C22C8E6C55006060A3 /* NetworkConfigurableMock.swift in Sources */,
				7E41A1C62C8E7074006060A3 /* NetworkServiceTest.swift in Sources */,
				7E41A1C42C8E6F90006060A3 /* NetworkSessionManagerMock.swift in Sources */,
			);
			runOnlyForDeploymentPostprocessing = 0;
		};
/* End PBXSourcesBuildPhase section */

/* Begin PBXTargetDependency section */
		C1DFB2AE2C7E105E00011058 /* PBXTargetDependency */ = {
			isa = PBXTargetDependency;
			target = 7E83FBB92C755B6100DF4DD7 /* ExperimentalAgaree */;
			targetProxy = C1DFB2AD2C7E105E00011058 /* PBXContainerItemProxy */;
		};
/* End PBXTargetDependency section */

/* Begin PBXVariantGroup section */
		7E83FBC32C755B6100DF4DD7 /* Main.storyboard */ = {
			isa = PBXVariantGroup;
			children = (
				7E83FBC42C755B6100DF4DD7 /* Base */,
			);
			name = Main.storyboard;
			sourceTree = "<group>";
		};
/* End PBXVariantGroup section */

/* Begin XCBuildConfiguration section */
		7E83FBCC2C755B6300DF4DD7 /* Debug */ = {
			isa = XCBuildConfiguration;
			buildSettings = {
				ALWAYS_SEARCH_USER_PATHS = NO;
				API_BASE_URL = "https://agareegames.fly.dev";
				API_BUNDLE = com.kr.magic;
				API_UUID = "59287382-e52d-4090-a829-864b5b578bc1";
				ASSETCATALOG_COMPILER_GENERATE_SWIFT_ASSET_SYMBOL_EXTENSIONS = YES;
				CLANG_ANALYZER_NONNULL = YES;
				CLANG_ANALYZER_NUMBER_OBJECT_CONVERSION = YES_AGGRESSIVE;
				CLANG_CXX_LANGUAGE_STANDARD = "gnu++20";
				CLANG_ENABLE_MODULES = YES;
				CLANG_ENABLE_OBJC_ARC = YES;
				CLANG_ENABLE_OBJC_WEAK = YES;
				CLANG_WARN_BLOCK_CAPTURE_AUTORELEASING = YES;
				CLANG_WARN_BOOL_CONVERSION = YES;
				CLANG_WARN_COMMA = YES;
				CLANG_WARN_CONSTANT_CONVERSION = YES;
				CLANG_WARN_DEPRECATED_OBJC_IMPLEMENTATIONS = YES;
				CLANG_WARN_DIRECT_OBJC_ISA_USAGE = YES_ERROR;
				CLANG_WARN_DOCUMENTATION_COMMENTS = YES;
				CLANG_WARN_EMPTY_BODY = YES;
				CLANG_WARN_ENUM_CONVERSION = YES;
				CLANG_WARN_INFINITE_RECURSION = YES;
				CLANG_WARN_INT_CONVERSION = YES;
				CLANG_WARN_NON_LITERAL_NULL_CONVERSION = YES;
				CLANG_WARN_OBJC_IMPLICIT_RETAIN_SELF = YES;
				CLANG_WARN_OBJC_LITERAL_CONVERSION = YES;
				CLANG_WARN_OBJC_ROOT_CLASS = YES_ERROR;
				CLANG_WARN_QUOTED_INCLUDE_IN_FRAMEWORK_HEADER = YES;
				CLANG_WARN_RANGE_LOOP_ANALYSIS = YES;
				CLANG_WARN_STRICT_PROTOTYPES = YES;
				CLANG_WARN_SUSPICIOUS_MOVE = YES;
				CLANG_WARN_UNGUARDED_AVAILABILITY = YES_AGGRESSIVE;
				CLANG_WARN_UNREACHABLE_CODE = YES;
				CLANG_WARN__DUPLICATE_METHOD_MATCH = YES;
				COPY_PHASE_STRIP = NO;
				DEBUG_INFORMATION_FORMAT = dwarf;
				ENABLE_STRICT_OBJC_MSGSEND = YES;
				ENABLE_TESTABILITY = YES;
				ENABLE_USER_SCRIPT_SANDBOXING = YES;
				GCC_C_LANGUAGE_STANDARD = gnu17;
				GCC_DYNAMIC_NO_PIC = NO;
				GCC_NO_COMMON_BLOCKS = YES;
				GCC_OPTIMIZATION_LEVEL = 0;
				GCC_PREPROCESSOR_DEFINITIONS = (
					"DEBUG=1",
					"$(inherited)",
				);
				GCC_WARN_64_TO_32_BIT_CONVERSION = YES;
				GCC_WARN_ABOUT_RETURN_TYPE = YES_ERROR;
				GCC_WARN_UNDECLARED_SELECTOR = YES;
				GCC_WARN_UNINITIALIZED_AUTOS = YES_AGGRESSIVE;
				GCC_WARN_UNUSED_FUNCTION = YES;
				GCC_WARN_UNUSED_VARIABLE = YES;
				IPHONEOS_DEPLOYMENT_TARGET = 17.0;
				LOCALIZATION_PREFERS_STRING_CATALOGS = YES;
				MTL_ENABLE_DEBUG_INFO = INCLUDE_SOURCE;
				MTL_FAST_MATH = YES;
				ONLY_ACTIVE_ARCH = YES;
				SDKROOT = iphoneos;
				SWIFT_ACTIVE_COMPILATION_CONDITIONS = "DEBUG $(inherited)";
				SWIFT_OPTIMIZATION_LEVEL = "-Onone";
			};
			name = Debug;
		};
		7E83FBCD2C755B6300DF4DD7 /* Release */ = {
			isa = XCBuildConfiguration;
			buildSettings = {
				ALWAYS_SEARCH_USER_PATHS = NO;
				API_BASE_URL = "https://agareegames.fly.dev";
				API_BUNDLE = com.kr.magic;
				API_UUID = "59287382-e52d-4090-a829-864b5b578bc1";
				ASSETCATALOG_COMPILER_GENERATE_SWIFT_ASSET_SYMBOL_EXTENSIONS = YES;
				CLANG_ANALYZER_NONNULL = YES;
				CLANG_ANALYZER_NUMBER_OBJECT_CONVERSION = YES_AGGRESSIVE;
				CLANG_CXX_LANGUAGE_STANDARD = "gnu++20";
				CLANG_ENABLE_MODULES = YES;
				CLANG_ENABLE_OBJC_ARC = YES;
				CLANG_ENABLE_OBJC_WEAK = YES;
				CLANG_WARN_BLOCK_CAPTURE_AUTORELEASING = YES;
				CLANG_WARN_BOOL_CONVERSION = YES;
				CLANG_WARN_COMMA = YES;
				CLANG_WARN_CONSTANT_CONVERSION = YES;
				CLANG_WARN_DEPRECATED_OBJC_IMPLEMENTATIONS = YES;
				CLANG_WARN_DIRECT_OBJC_ISA_USAGE = YES_ERROR;
				CLANG_WARN_DOCUMENTATION_COMMENTS = YES;
				CLANG_WARN_EMPTY_BODY = YES;
				CLANG_WARN_ENUM_CONVERSION = YES;
				CLANG_WARN_INFINITE_RECURSION = YES;
				CLANG_WARN_INT_CONVERSION = YES;
				CLANG_WARN_NON_LITERAL_NULL_CONVERSION = YES;
				CLANG_WARN_OBJC_IMPLICIT_RETAIN_SELF = YES;
				CLANG_WARN_OBJC_LITERAL_CONVERSION = YES;
				CLANG_WARN_OBJC_ROOT_CLASS = YES_ERROR;
				CLANG_WARN_QUOTED_INCLUDE_IN_FRAMEWORK_HEADER = YES;
				CLANG_WARN_RANGE_LOOP_ANALYSIS = YES;
				CLANG_WARN_STRICT_PROTOTYPES = YES;
				CLANG_WARN_SUSPICIOUS_MOVE = YES;
				CLANG_WARN_UNGUARDED_AVAILABILITY = YES_AGGRESSIVE;
				CLANG_WARN_UNREACHABLE_CODE = YES;
				CLANG_WARN__DUPLICATE_METHOD_MATCH = YES;
				COPY_PHASE_STRIP = NO;
				DEBUG_INFORMATION_FORMAT = "dwarf-with-dsym";
				ENABLE_NS_ASSERTIONS = NO;
				ENABLE_STRICT_OBJC_MSGSEND = YES;
				ENABLE_USER_SCRIPT_SANDBOXING = YES;
				GCC_C_LANGUAGE_STANDARD = gnu17;
				GCC_NO_COMMON_BLOCKS = YES;
				GCC_WARN_64_TO_32_BIT_CONVERSION = YES;
				GCC_WARN_ABOUT_RETURN_TYPE = YES_ERROR;
				GCC_WARN_UNDECLARED_SELECTOR = YES;
				GCC_WARN_UNINITIALIZED_AUTOS = YES_AGGRESSIVE;
				GCC_WARN_UNUSED_FUNCTION = YES;
				GCC_WARN_UNUSED_VARIABLE = YES;
				IPHONEOS_DEPLOYMENT_TARGET = 17.0;
				LOCALIZATION_PREFERS_STRING_CATALOGS = YES;
				MTL_ENABLE_DEBUG_INFO = NO;
				MTL_FAST_MATH = YES;
				SDKROOT = iphoneos;
				SWIFT_COMPILATION_MODE = wholemodule;
				VALIDATE_PRODUCT = YES;
			};
			name = Release;
		};
		7E83FBCF2C755B6300DF4DD7 /* Debug */ = {
			isa = XCBuildConfiguration;
			buildSettings = {
				ASSETCATALOG_COMPILER_APPICON_NAME = AppIcon;
				ASSETCATALOG_COMPILER_GLOBAL_ACCENT_COLOR_NAME = AccentColor;
				CODE_SIGN_STYLE = Automatic;
				CURRENT_PROJECT_VERSION = 1;
				GENERATE_INFOPLIST_FILE = YES;
				INFOPLIST_FILE = ExperimentalAgaree/Info.plist;
				INFOPLIST_KEY_UIApplicationSupportsIndirectInputEvents = YES;
				INFOPLIST_KEY_UILaunchStoryboardName = LaunchScreen;
				INFOPLIST_KEY_UISupportedInterfaceOrientations_iPad = "UIInterfaceOrientationPortrait UIInterfaceOrientationPortraitUpsideDown UIInterfaceOrientationLandscapeLeft UIInterfaceOrientationLandscapeRight";
				INFOPLIST_KEY_UISupportedInterfaceOrientations_iPhone = "UIInterfaceOrientationPortrait UIInterfaceOrientationLandscapeLeft UIInterfaceOrientationLandscapeRight";
				IPHONEOS_DEPLOYMENT_TARGET = 15.0;
				LD_RUNPATH_SEARCH_PATHS = (
					"$(inherited)",
					"@executable_path/Frameworks",
				);
				MARKETING_VERSION = 1.0;
				PRODUCT_BUNDLE_IDENTIFIER = kangkangds.ExperimentalAgaree;
				PRODUCT_NAME = "$(TARGET_NAME)";
				SUPPORTED_PLATFORMS = "iphoneos iphonesimulator";
				SUPPORTS_MACCATALYST = NO;
				SUPPORTS_MAC_DESIGNED_FOR_IPHONE_IPAD = NO;
				SUPPORTS_XR_DESIGNED_FOR_IPHONE_IPAD = NO;
				SWIFT_EMIT_LOC_STRINGS = YES;
				SWIFT_VERSION = 5.0;
				TARGETED_DEVICE_FAMILY = 1;
			};
			name = Debug;
		};
		7E83FBD02C755B6300DF4DD7 /* Release */ = {
			isa = XCBuildConfiguration;
			buildSettings = {
				ASSETCATALOG_COMPILER_APPICON_NAME = AppIcon;
				ASSETCATALOG_COMPILER_GLOBAL_ACCENT_COLOR_NAME = AccentColor;
				CODE_SIGN_STYLE = Automatic;
				CURRENT_PROJECT_VERSION = 1;
				GENERATE_INFOPLIST_FILE = YES;
				INFOPLIST_FILE = ExperimentalAgaree/Info.plist;
				INFOPLIST_KEY_UIApplicationSupportsIndirectInputEvents = YES;
				INFOPLIST_KEY_UILaunchStoryboardName = LaunchScreen;
				INFOPLIST_KEY_UISupportedInterfaceOrientations_iPad = "UIInterfaceOrientationPortrait UIInterfaceOrientationPortraitUpsideDown UIInterfaceOrientationLandscapeLeft UIInterfaceOrientationLandscapeRight";
				INFOPLIST_KEY_UISupportedInterfaceOrientations_iPhone = "UIInterfaceOrientationPortrait UIInterfaceOrientationLandscapeLeft UIInterfaceOrientationLandscapeRight";
				IPHONEOS_DEPLOYMENT_TARGET = 15.0;
				LD_RUNPATH_SEARCH_PATHS = (
					"$(inherited)",
					"@executable_path/Frameworks",
				);
				MARKETING_VERSION = 1.0;
				PRODUCT_BUNDLE_IDENTIFIER = kangkangds.ExperimentalAgaree;
				PRODUCT_NAME = "$(TARGET_NAME)";
				SUPPORTED_PLATFORMS = "iphoneos iphonesimulator";
				SUPPORTS_MACCATALYST = NO;
				SUPPORTS_MAC_DESIGNED_FOR_IPHONE_IPAD = NO;
				SUPPORTS_XR_DESIGNED_FOR_IPHONE_IPAD = NO;
				SWIFT_EMIT_LOC_STRINGS = YES;
				SWIFT_VERSION = 5.0;
				TARGETED_DEVICE_FAMILY = 1;
			};
			name = Release;
		};
		C1DFB2AF2C7E105E00011058 /* Debug */ = {
			isa = XCBuildConfiguration;
			buildSettings = {
				BUNDLE_LOADER = "$(TEST_HOST)";
				CODE_SIGN_STYLE = Automatic;
				CURRENT_PROJECT_VERSION = 1;
				DEVELOPMENT_TEAM = ZD5K45Y4NW;
				GENERATE_INFOPLIST_FILE = YES;
				IPHONEOS_DEPLOYMENT_TARGET = 17.5;
				MARKETING_VERSION = 1.0;
				PRODUCT_BUNDLE_IDENTIFIER = com.wonsang.ExperimentalAgareeTests;
				PRODUCT_NAME = "$(TARGET_NAME)";
				SWIFT_EMIT_LOC_STRINGS = NO;
				SWIFT_VERSION = 5.0;
				TARGETED_DEVICE_FAMILY = "1,2";
				TEST_HOST = "$(BUILT_PRODUCTS_DIR)/ExperimentalAgaree.app/$(BUNDLE_EXECUTABLE_FOLDER_PATH)/ExperimentalAgaree";
			};
			name = Debug;
		};
		C1DFB2B02C7E105E00011058 /* Release */ = {
			isa = XCBuildConfiguration;
			buildSettings = {
				BUNDLE_LOADER = "$(TEST_HOST)";
				CODE_SIGN_STYLE = Automatic;
				CURRENT_PROJECT_VERSION = 1;
				DEVELOPMENT_TEAM = ZD5K45Y4NW;
				GENERATE_INFOPLIST_FILE = YES;
				IPHONEOS_DEPLOYMENT_TARGET = 17.5;
				MARKETING_VERSION = 1.0;
				PRODUCT_BUNDLE_IDENTIFIER = com.wonsang.ExperimentalAgareeTests;
				PRODUCT_NAME = "$(TARGET_NAME)";
				SWIFT_EMIT_LOC_STRINGS = NO;
				SWIFT_VERSION = 5.0;
				TARGETED_DEVICE_FAMILY = "1,2";
				TEST_HOST = "$(BUILT_PRODUCTS_DIR)/ExperimentalAgaree.app/$(BUNDLE_EXECUTABLE_FOLDER_PATH)/ExperimentalAgaree";
			};
			name = Release;
		};
/* End XCBuildConfiguration section */

/* Begin XCConfigurationList section */
		7E83FBB52C755B6100DF4DD7 /* Build configuration list for PBXProject "ExperimentalAgaree" */ = {
			isa = XCConfigurationList;
			buildConfigurations = (
				7E83FBCC2C755B6300DF4DD7 /* Debug */,
				7E83FBCD2C755B6300DF4DD7 /* Release */,
			);
			defaultConfigurationIsVisible = 0;
			defaultConfigurationName = Release;
		};
		7E83FBCE2C755B6300DF4DD7 /* Build configuration list for PBXNativeTarget "ExperimentalAgaree" */ = {
			isa = XCConfigurationList;
			buildConfigurations = (
				7E83FBCF2C755B6300DF4DD7 /* Debug */,
				7E83FBD02C755B6300DF4DD7 /* Release */,
			);
			defaultConfigurationIsVisible = 0;
			defaultConfigurationName = Release;
		};
		C1DFB2B12C7E105E00011058 /* Build configuration list for PBXNativeTarget "ExperimentalAgareeTests" */ = {
			isa = XCConfigurationList;
			buildConfigurations = (
				C1DFB2AF2C7E105E00011058 /* Debug */,
				C1DFB2B02C7E105E00011058 /* Release */,
			);
			defaultConfigurationIsVisible = 0;
			defaultConfigurationName = Release;
		};
/* End XCConfigurationList section */
	};
	rootObject = 7E83FBB22C755B6100DF4DD7 /* Project object */;
}
